<?xml version="1.0" encoding="utf-8"?>
<Project ToolsVersion="16.0" xmlns="http://schemas.microsoft.com/developer/msbuild/2003">
  <ItemGroup>
    <ClCompile Include="C:\Users\iamvf\Desktop\assimp_binaries_ubuntu_16_04_and_windows_10\assimp-6eae925\contrib\zlib\adler32.c">
      <Filter>Source Files</Filter>
    </ClCompile>
    <ClCompile Include="C:\Users\iamvf\Desktop\assimp_binaries_ubuntu_16_04_and_windows_10\assimp-6eae925\contrib\zlib\compress.c">
      <Filter>Source Files</Filter>
    </ClCompile>
    <ClCompile Include="C:\Users\iamvf\Desktop\assimp_binaries_ubuntu_16_04_and_windows_10\assimp-6eae925\contrib\zlib\crc32.c">
      <Filter>Source Files</Filter>
    </ClCompile>
    <ClCompile Include="C:\Users\iamvf\Desktop\assimp_binaries_ubuntu_16_04_and_windows_10\assimp-6eae925\contrib\zlib\deflate.c">
      <Filter>Source Files</Filter>
    </ClCompile>
    <ClCompile Include="C:\Users\iamvf\Desktop\assimp_binaries_ubuntu_16_04_and_windows_10\assimp-6eae925\contrib\zlib\gzclose.c">
      <Filter>Source Files</Filter>
    </ClCompile>
    <ClCompile Include="C:\Users\iamvf\Desktop\assimp_binaries_ubuntu_16_04_and_windows_10\assimp-6eae925\contrib\zlib\gzlib.c">
      <Filter>Source Files</Filter>
    </ClCompile>
    <ClCompile Include="C:\Users\iamvf\Desktop\assimp_binaries_ubuntu_16_04_and_windows_10\assimp-6eae925\contrib\zlib\gzread.c">
      <Filter>Source Files</Filter>
    </ClCompile>
    <ClCompile Include="C:\Users\iamvf\Desktop\assimp_binaries_ubuntu_16_04_and_windows_10\assimp-6eae925\contrib\zlib\gzwrite.c">
      <Filter>Source Files</Filter>
    </ClCompile>
    <ClCompile Include="C:\Users\iamvf\Desktop\assimp_binaries_ubuntu_16_04_and_windows_10\assimp-6eae925\contrib\zlib\inflate.c">
      <Filter>Source Files</Filter>
    </ClCompile>
    <ClCompile Include="C:\Users\iamvf\Desktop\assimp_binaries_ubuntu_16_04_and_windows_10\assimp-6eae925\contrib\zlib\infback.c">
      <Filter>Source Files</Filter>
    </ClCompile>
    <ClCompile Include="C:\Users\iamvf\Desktop\assimp_binaries_ubuntu_16_04_and_windows_10\assimp-6eae925\contrib\zlib\inftrees.c">
      <Filter>Source Files</Filter>
    </ClCompile>
    <ClCompile Include="C:\Users\iamvf\Desktop\assimp_binaries_ubuntu_16_04_and_windows_10\assimp-6eae925\contrib\zlib\inffast.c">
      <Filter>Source Files</Filter>
    </ClCompile>
    <ClCompile Include="C:\Users\iamvf\Desktop\assimp_binaries_ubuntu_16_04_and_windows_10\assimp-6eae925\contrib\zlib\trees.c">
      <Filter>Source Files</Filter>
    </ClCompile>
    <ClCompile Include="C:\Users\iamvf\Desktop\assimp_binaries_ubuntu_16_04_and_windows_10\assimp-6eae925\contrib\zlib\uncompr.c">
      <Filter>Source Files</Filter>
    </ClCompile>
    <ClCompile Include="C:\Users\iamvf\Desktop\assimp_binaries_ubuntu_16_04_and_windows_10\assimp-6eae925\contrib\zlib\zutil.c">
      <Filter>Source Files</Filter>
    </ClCompile>
  </ItemGroup>
  <ItemGroup>
    <ClInclude Include="C:\Users\iamvf\Desktop\assimp_binaries_ubuntu_16_04_and_windows_10\assimp-6eae925\build_windows10\contrib\zlib\zconf.h">
      <Filter>Header Files</Filter>
    </ClInclude>
    <ClInclude Include="C:\Users\iamvf\Desktop\assimp_binaries_ubuntu_16_04_and_windows_10\assimp-6eae925\contrib\zlib\zlib.h">
      <Filter>Header Files</Filter>
    </ClInclude>
    <ClInclude Include="C:\Users\iamvf\Desktop\assimp_binaries_ubuntu_16_04_and_windows_10\assimp-6eae925\contrib\zlib\crc32.h">
      <Filter>Header Files</Filter>
    </ClInclude>
    <ClInclude Include="C:\Users\iamvf\Desktop\assimp_binaries_ubuntu_16_04_and_windows_10\assimp-6eae925\contrib\zlib\deflate.h">
      <Filter>Header Files</Filter>
    </ClInclude>
    <ClInclude Include="C:\Users\iamvf\Desktop\assimp_binaries_ubuntu_16_04_and_windows_10\assimp-6eae925\contrib\zlib\gzguts.h">
      <Filter>Header Files</Filter>
    </ClInclude>
    <ClInclude Include="C:\Users\iamvf\Desktop\assimp_binaries_ubuntu_16_04_and_windows_10\assimp-6eae925\contrib\zlib\inffast.h">
      <Filter>Header Files</Filter>
    </ClInclude>
    <ClInclude Include="C:\Users\iamvf\Desktop\assimp_binaries_ubuntu_16_04_and_windows_10\assimp-6eae925\contrib\zlib\inffixed.h">
      <Filter>Header Files</Filter>
    </ClInclude>
    <ClInclude Include="C:\Users\iamvf\Desktop\assimp_binaries_ubuntu_16_04_and_windows_10\assimp-6eae925\contrib\zlib\inflate.h">
      <Filter>Header Files</Filter>
    </ClInclude>
    <ClInclude Include="C:\Users\iamvf\Desktop\assimp_binaries_ubuntu_16_04_and_windows_10\assimp-6eae925\contrib\zlib\inftrees.h">
      <Filter>Header Files</Filter>
    </ClInclude>
    <ClInclude Include="C:\Users\iamvf\Desktop\assimp_binaries_ubuntu_16_04_and_windows_10\assimp-6eae925\contrib\zlib\trees.h">
      <Filter>Header Files</Filter>
    </ClInclude>
    <ClInclude Include="C:\Users\iamvf\Desktop\assimp_binaries_ubuntu_16_04_and_windows_10\assimp-6eae925\contrib\zlib\zutil.h">
      <Filter>Header Files</Filter>
    </ClInclude>
  </ItemGroup>
  <ItemGroup>
    <CustomBuild Include="C:\Users\iamvf\Desktop\assimp_binaries_ubuntu_16_04_and_windows_10\assimp-6eae925\contrib\zlib\CMakeLists.txt" />
  </ItemGroup>
  <ItemGroup>
    <Filter Include="Header Files">
      <UniqueIdentifier>{87FCA24F-384E-345C-B4E6-42F48D38E563}</UniqueIdentifier>
    </Filter>
    <Filter Include="Source Files">
      <UniqueIdentifier>{F3473673-DACE-3073-B80C-B2801FD9102B}</UniqueIdentifier>
    </Filter>
  </ItemGroup>
</Project>
