
Microsoft Visual Studio Solution File, Format Version 12.00
# Visual Studio Version 16
Project("{8BC9CEB8-8B4A-11D0-8D11-00A0C91BC942}") = "ALL_BUILD", "ALL_BUILD.vcxproj", "{3DBB4E96-572B-34F3-9A65-27A6F24B2362}"
	ProjectSection(ProjectDependencies) = postProject
		{FB653A84-9E37-31A4-A992-C864A81F681E} = {FB653A84-9E37-31A4-A992-C864A81F681E}
		{7C263B4D-0B84-3B17-A9E8-6EBEA51887E5} = {7C263B4D-0B84-3B17-A9E8-6EBEA51887E5}
		{1684A9DB-5DBE-3AD9-9928-249A106B2970} = {1684A9DB-5DBE-3AD9-9928-249A106B2970}
	EndProjectSection
EndProject
Project("{8BC9CEB8-8B4A-11D0-8D11-00A0C91BC942}") = "INSTALL", "INSTALL.vcxproj", "{CD121317-34B8-3039-BD16-6B195D924750}"
	ProjectSection(ProjectDependencies) = postProject
		{3DBB4E96-572B-34F3-9A65-27A6F24B2362} = {3DBB4E96-572B-34F3-9A65-27A6F24B2362}
		{FB653A84-9E37-31A4-A992-C864A81F681E} = {FB653A84-9E37-31A4-A992-C864A81F681E}
	EndProjectSection
EndProject
Project("{8BC9CEB8-8B4A-11D0-8D11-00A0C91BC942}") = "ZERO_CHECK", "..\..\\ZERO_CHECK.vcxproj", "{FB653A84-9E37-31A4-A992-C864A81F681E}"
	ProjectSection(ProjectDependencies) = postProject
	EndProjectSection
EndProject
Project("{8BC9CEB8-8B4A-11D0-8D11-00A0C91BC942}") = "zlib", "zlib.vcxproj", "{7C263B4D-0B84-3B17-A9E8-6EBEA51887E5}"
	ProjectSection(ProjectDependencies) = postProject
		{FB653A84-9E37-31A4-A992-C864A81F681E} = {FB653A84-9E37-31A4-A992-C864A81F681E}
	EndProjectSection
EndProject
Project("{8BC9CEB8-8B4A-11D0-8D11-00A0C91BC942}") = "zlibstatic", "zlibstatic.vcxproj", "{1684A9DB-5DBE-3AD9-9928-249A106B2970}"
	ProjectSection(ProjectDependencies) = postProject
		{FB653A84-9E37-31A4-A992-C864A81F681E} = {FB653A84-9E37-31A4-A992-C864A81F681E}
	EndProjectSection
EndProject
Global
	GlobalSection(SolutionConfigurationPlatforms) = preSolution
		Debug|x64 = Debug|x64
		Release|x64 = Release|x64
		MinSizeRel|x64 = MinSizeRel|x64
		RelWithDebInfo|x64 = RelWithDebInfo|x64
	EndGlobalSection
	GlobalSection(ProjectConfigurationPlatforms) = postSolution
		{3DBB4E96-572B-34F3-9A65-27A6F24B2362}.Debug|x64.ActiveCfg = Debug|x64
		{3DBB4E96-572B-34F3-9A65-27A6F24B2362}.Debug|x64.Build.0 = Debug|x64
		{3DBB4E96-572B-34F3-9A65-27A6F24B2362}.Release|x64.ActiveCfg = Release|x64
		{3DBB4E96-572B-34F3-9A65-27A6F24B2362}.Release|x64.Build.0 = Release|x64
		{3DBB4E96-572B-34F3-9A65-27A6F24B2362}.MinSizeRel|x64.ActiveCfg = MinSizeRel|x64
		{3DBB4E96-572B-34F3-9A65-27A6F24B2362}.MinSizeRel|x64.Build.0 = MinSizeRel|x64
		{3DBB4E96-572B-34F3-9A65-27A6F24B2362}.RelWithDebInfo|x64.ActiveCfg = RelWithDebInfo|x64
		{3DBB4E96-572B-34F3-9A65-27A6F24B2362}.RelWithDebInfo|x64.Build.0 = RelWithDebInfo|x64
		{CD121317-34B8-3039-BD16-6B195D924750}.Debug|x64.ActiveCfg = Debug|x64
		{CD121317-34B8-3039-BD16-6B195D924750}.Release|x64.ActiveCfg = Release|x64
		{CD121317-34B8-3039-BD16-6B195D924750}.MinSizeRel|x64.ActiveCfg = MinSizeRel|x64
		{CD121317-34B8-3039-BD16-6B195D924750}.RelWithDebInfo|x64.ActiveCfg = RelWithDebInfo|x64
		{FB653A84-9E37-31A4-A992-C864A81F681E}.Debug|x64.ActiveCfg = Debug|x64
		{FB653A84-9E37-31A4-A992-C864A81F681E}.Debug|x64.Build.0 = Debug|x64
		{FB653A84-9E37-31A4-A992-C864A81F681E}.Release|x64.ActiveCfg = Release|x64
		{FB653A84-9E37-31A4-A992-C864A81F681E}.Release|x64.Build.0 = Release|x64
		{FB653A84-9E37-31A4-A992-C864A81F681E}.MinSizeRel|x64.ActiveCfg = MinSizeRel|x64
		{FB653A84-9E37-31A4-A992-C864A81F681E}.MinSizeRel|x64.Build.0 = MinSizeRel|x64
		{FB653A84-9E37-31A4-A992-C864A81F681E}.RelWithDebInfo|x64.ActiveCfg = RelWithDebInfo|x64
		{FB653A84-9E37-31A4-A992-C864A81F681E}.RelWithDebInfo|x64.Build.0 = RelWithDebInfo|x64
		{7C263B4D-0B84-3B17-A9E8-6EBEA51887E5}.Debug|x64.ActiveCfg = Debug|x64
		{7C263B4D-0B84-3B17-A9E8-6EBEA51887E5}.Debug|x64.Build.0 = Debug|x64
		{7C263B4D-0B84-3B17-A9E8-6EBEA51887E5}.Release|x64.ActiveCfg = Release|x64
		{7C263B4D-0B84-3B17-A9E8-6EBEA51887E5}.Release|x64.Build.0 = Release|x64
		{7C263B4D-0B84-3B17-A9E8-6EBEA51887E5}.MinSizeRel|x64.ActiveCfg = MinSizeRel|x64
		{7C263B4D-0B84-3B17-A9E8-6EBEA51887E5}.MinSizeRel|x64.Build.0 = MinSizeRel|x64
		{7C263B4D-0B84-3B17-A9E8-6EBEA51887E5}.RelWithDebInfo|x64.ActiveCfg = RelWithDebInfo|x64
		{7C263B4D-0B84-3B17-A9E8-6EBEA51887E5}.RelWithDebInfo|x64.Build.0 = RelWithDebInfo|x64
		{1684A9DB-5DBE-3AD9-9928-249A106B2970}.Debug|x64.ActiveCfg = Debug|x64
		{1684A9DB-5DBE-3AD9-9928-249A106B2970}.Debug|x64.Build.0 = Debug|x64
		{1684A9DB-5DBE-3AD9-9928-249A106B2970}.Release|x64.ActiveCfg = Release|x64
		{1684A9DB-5DBE-3AD9-9928-249A106B2970}.Release|x64.Build.0 = Release|x64
		{1684A9DB-5DBE-3AD9-9928-249A106B2970}.MinSizeRel|x64.ActiveCfg = MinSizeRel|x64
		{1684A9DB-5DBE-3AD9-9928-249A106B2970}.MinSizeRel|x64.Build.0 = MinSizeRel|x64
		{1684A9DB-5DBE-3AD9-9928-249A106B2970}.RelWithDebInfo|x64.ActiveCfg = RelWithDebInfo|x64
		{1684A9DB-5DBE-3AD9-9928-249A106B2970}.RelWithDebInfo|x64.Build.0 = RelWithDebInfo|x64
	EndGlobalSection
	GlobalSection(ExtensibilityGlobals) = postSolution
		SolutionGuid = {D184FD80-BE94-3B74-AD84-E3CE088DFACD}
	EndGlobalSection
	GlobalSection(ExtensibilityAddIns) = postSolution
	EndGlobalSection
EndGlobal
