<?xml version="1.0" encoding="utf-8"?>
<Project ToolsVersion="16.0" xmlns="http://schemas.microsoft.com/developer/msbuild/2003">
  <ItemGroup>
    <CustomBuild Include="C:\Users\iamvf\Desktop\assimp_binaries_ubuntu_16_04_and_windows_10\assimp-6eae925\build_windows10\CMakeFiles\bcff709194a5d74b3a8c6c5e5d832789\INSTALL_force.rule">
      <Filter>CMake Rules</Filter>
    </CustomBuild>
  </ItemGroup>
  <ItemGroup>
    <Filter Include="CMake Rules">
      <UniqueIdentifier>{D60DF8A4-F8DD-3AED-9FD4-B4FB1D9B9F9C}</UniqueIdentifier>
    </Filter>
  </ItemGroup>
</Project>
