
Microsoft Visual Studio Solution File, Format Version 12.00
# Visual Studio Version 16
Project("{8BC9CEB8-8B4A-11D0-8D11-00A0C91BC942}") = "ALL_BUILD", "ALL_BUILD.vcxproj", "{F625F4D1-6D1B-38C7-8AA1-FA77B8955603}"
	ProjectSection(ProjectDependencies) = postProject
		{5EDA57C9-2BD4-304F-98E7-C8E78EB88013} = {5EDA57C9-2BD4-304F-98E7-C8E78EB88013}
		{914BEAB2-E5F9-366D-9B2E-352BE4C3ABA6} = {914BEAB2-E5F9-366D-9B2E-352BE4C3ABA6}
	EndProjectSection
EndProject
Project("{8BC9CEB8-8B4A-11D0-8D11-00A0C91BC942}") = "INSTALL", "INSTALL.vcxproj", "{AB4C3627-24AD-3975-B17C-314925793C6F}"
	ProjectSection(ProjectDependencies) = postProject
		{F625F4D1-6D1B-38C7-8AA1-FA77B8955603} = {F625F4D1-6D1B-38C7-8AA1-FA77B8955603}
		{5EDA57C9-2BD4-304F-98E7-C8E78EB88013} = {5EDA57C9-2BD4-304F-98E7-C8E78EB88013}
	EndProjectSection
EndProject
Project("{8BC9CEB8-8B4A-11D0-8D11-00A0C91BC942}") = "UpdateAssimpLibsDebugSymbolsAndDLLs", "UpdateAssimpLibsDebugSymbolsAndDLLs.vcxproj", "{D7F81757-D44F-331B-8741-9645794E90E3}"
	ProjectSection(ProjectDependencies) = postProject
		{5EDA57C9-2BD4-304F-98E7-C8E78EB88013} = {5EDA57C9-2BD4-304F-98E7-C8E78EB88013}
	EndProjectSection
EndProject
Project("{8BC9CEB8-8B4A-11D0-8D11-00A0C91BC942}") = "ZERO_CHECK", "ZERO_CHECK.vcxproj", "{5EDA57C9-2BD4-304F-98E7-C8E78EB88013}"
	ProjectSection(ProjectDependencies) = postProject
	EndProjectSection
EndProject
Project("{8BC9CEB8-8B4A-11D0-8D11-00A0C91BC942}") = "assimp", "code\assimp.vcxproj", "{914BEAB2-E5F9-366D-9B2E-352BE4C3ABA6}"
	ProjectSection(ProjectDependencies) = postProject
		{5EDA57C9-2BD4-304F-98E7-C8E78EB88013} = {5EDA57C9-2BD4-304F-98E7-C8E78EB88013}
	EndProjectSection
EndProject
Project("{8BC9CEB8-8B4A-11D0-8D11-00A0C91BC942}") = "uninstall", "uninstall.vcxproj", "{46DA3FAE-3613-3DE4-88B1-FDA000180D99}"
	ProjectSection(ProjectDependencies) = postProject
		{5EDA57C9-2BD4-304F-98E7-C8E78EB88013} = {5EDA57C9-2BD4-304F-98E7-C8E78EB88013}
	EndProjectSection
EndProject
Global
	GlobalSection(SolutionConfigurationPlatforms) = preSolution
		Debug|x64 = Debug|x64
		Release|x64 = Release|x64
		MinSizeRel|x64 = MinSizeRel|x64
		RelWithDebInfo|x64 = RelWithDebInfo|x64
	EndGlobalSection
	GlobalSection(ProjectConfigurationPlatforms) = postSolution
		{F625F4D1-6D1B-38C7-8AA1-FA77B8955603}.Debug|x64.ActiveCfg = Debug|x64
		{F625F4D1-6D1B-38C7-8AA1-FA77B8955603}.Debug|x64.Build.0 = Debug|x64
		{F625F4D1-6D1B-38C7-8AA1-FA77B8955603}.Release|x64.ActiveCfg = Release|x64
		{F625F4D1-6D1B-38C7-8AA1-FA77B8955603}.Release|x64.Build.0 = Release|x64
		{F625F4D1-6D1B-38C7-8AA1-FA77B8955603}.MinSizeRel|x64.ActiveCfg = MinSizeRel|x64
		{F625F4D1-6D1B-38C7-8AA1-FA77B8955603}.MinSizeRel|x64.Build.0 = MinSizeRel|x64
		{F625F4D1-6D1B-38C7-8AA1-FA77B8955603}.RelWithDebInfo|x64.ActiveCfg = RelWithDebInfo|x64
		{F625F4D1-6D1B-38C7-8AA1-FA77B8955603}.RelWithDebInfo|x64.Build.0 = RelWithDebInfo|x64
		{AB4C3627-24AD-3975-B17C-314925793C6F}.Debug|x64.ActiveCfg = Debug|x64
		{AB4C3627-24AD-3975-B17C-314925793C6F}.Release|x64.ActiveCfg = Release|x64
		{AB4C3627-24AD-3975-B17C-314925793C6F}.MinSizeRel|x64.ActiveCfg = MinSizeRel|x64
		{AB4C3627-24AD-3975-B17C-314925793C6F}.RelWithDebInfo|x64.ActiveCfg = RelWithDebInfo|x64
		{D7F81757-D44F-331B-8741-9645794E90E3}.Debug|x64.ActiveCfg = Debug|x64
		{D7F81757-D44F-331B-8741-9645794E90E3}.Release|x64.ActiveCfg = Release|x64
		{D7F81757-D44F-331B-8741-9645794E90E3}.MinSizeRel|x64.ActiveCfg = MinSizeRel|x64
		{D7F81757-D44F-331B-8741-9645794E90E3}.RelWithDebInfo|x64.ActiveCfg = RelWithDebInfo|x64
		{5EDA57C9-2BD4-304F-98E7-C8E78EB88013}.Debug|x64.ActiveCfg = Debug|x64
		{5EDA57C9-2BD4-304F-98E7-C8E78EB88013}.Debug|x64.Build.0 = Debug|x64
		{5EDA57C9-2BD4-304F-98E7-C8E78EB88013}.Release|x64.ActiveCfg = Release|x64
		{5EDA57C9-2BD4-304F-98E7-C8E78EB88013}.Release|x64.Build.0 = Release|x64
		{5EDA57C9-2BD4-304F-98E7-C8E78EB88013}.MinSizeRel|x64.ActiveCfg = MinSizeRel|x64
		{5EDA57C9-2BD4-304F-98E7-C8E78EB88013}.MinSizeRel|x64.Build.0 = MinSizeRel|x64
		{5EDA57C9-2BD4-304F-98E7-C8E78EB88013}.RelWithDebInfo|x64.ActiveCfg = RelWithDebInfo|x64
		{5EDA57C9-2BD4-304F-98E7-C8E78EB88013}.RelWithDebInfo|x64.Build.0 = RelWithDebInfo|x64
		{914BEAB2-E5F9-366D-9B2E-352BE4C3ABA6}.Debug|x64.ActiveCfg = Debug|x64
		{914BEAB2-E5F9-366D-9B2E-352BE4C3ABA6}.Debug|x64.Build.0 = Debug|x64
		{914BEAB2-E5F9-366D-9B2E-352BE4C3ABA6}.Release|x64.ActiveCfg = Release|x64
		{914BEAB2-E5F9-366D-9B2E-352BE4C3ABA6}.Release|x64.Build.0 = Release|x64
		{914BEAB2-E5F9-366D-9B2E-352BE4C3ABA6}.MinSizeRel|x64.ActiveCfg = MinSizeRel|x64
		{914BEAB2-E5F9-366D-9B2E-352BE4C3ABA6}.MinSizeRel|x64.Build.0 = MinSizeRel|x64
		{914BEAB2-E5F9-366D-9B2E-352BE4C3ABA6}.RelWithDebInfo|x64.ActiveCfg = RelWithDebInfo|x64
		{914BEAB2-E5F9-366D-9B2E-352BE4C3ABA6}.RelWithDebInfo|x64.Build.0 = RelWithDebInfo|x64
		{46DA3FAE-3613-3DE4-88B1-FDA000180D99}.Debug|x64.ActiveCfg = Debug|x64
		{46DA3FAE-3613-3DE4-88B1-FDA000180D99}.Release|x64.ActiveCfg = Release|x64
		{46DA3FAE-3613-3DE4-88B1-FDA000180D99}.MinSizeRel|x64.ActiveCfg = MinSizeRel|x64
		{46DA3FAE-3613-3DE4-88B1-FDA000180D99}.RelWithDebInfo|x64.ActiveCfg = RelWithDebInfo|x64
	EndGlobalSection
	GlobalSection(ExtensibilityGlobals) = postSolution
		SolutionGuid = {B0D151F0-594C-3AF1-956C-C8DCB890D81E}
	EndGlobalSection
	GlobalSection(ExtensibilityAddIns) = postSolution
	EndGlobalSection
EndGlobal
