
Microsoft Visual Studio Solution File, Format Version 12.00
# Visual Studio Version 16
Project("{8BC9CEB8-8B4A-11D0-8D11-00A0C91BC942}") = "ALL_BUILD", "ALL_BUILD.vcxproj", "{07CAE78F-F681-316A-AD9B-6181F63B0E42}"
	ProjectSection(ProjectDependencies) = postProject
		{13156F7D-5536-3F17-92D9-77BF04EB1219} = {13156F7D-5536-3F17-92D9-77BF04EB1219}
		{DAE7166D-85E0-371E-8F3F-9F343BC6FFBE} = {DAE7166D-85E0-371E-8F3F-9F343BC6FFBE}
		{4204AD75-E004-3EA0-9619-488E864BCFDC} = {4204AD75-E004-3EA0-9619-488E864BCFDC}
		{A402E191-AB4D-3E2D-8784-2965D1931839} = {A402E191-AB4D-3E2D-8784-2965D1931839}
		{42800437-56B4-3DEB-8D69-8D2275040F4E} = {42800437-56B4-3DEB-8D69-8D2275040F4E}
	EndProjectSection
EndProject
Project("{8BC9CEB8-8B4A-11D0-8D11-00A0C91BC942}") = "INSTALL", "INSTALL.vcxproj", "{7136FE05-6C2B-39FA-B094-51907540FE5A}"
	ProjectSection(ProjectDependencies) = postProject
		{07CAE78F-F681-316A-AD9B-6181F63B0E42} = {07CAE78F-F681-316A-AD9B-6181F63B0E42}
		{DAE7166D-85E0-371E-8F3F-9F343BC6FFBE} = {DAE7166D-85E0-371E-8F3F-9F343BC6FFBE}
	EndProjectSection
EndProject
Project("{8BC9CEB8-8B4A-11D0-8D11-00A0C91BC942}") = "IrrXML", "contrib\irrXML\IrrXML.vcxproj", "{13156F7D-5536-3F17-92D9-77BF04EB1219}"
	ProjectSection(ProjectDependencies) = postProject
		{DAE7166D-85E0-371E-8F3F-9F343BC6FFBE} = {DAE7166D-85E0-371E-8F3F-9F343BC6FFBE}
	EndProjectSection
EndProject
Project("{8BC9CEB8-8B4A-11D0-8D11-00A0C91BC942}") = "UpdateAssimpLibsDebugSymbolsAndDLLs", "UpdateAssimpLibsDebugSymbolsAndDLLs.vcxproj", "{90B4489B-0C66-3997-A959-720312489E82}"
	ProjectSection(ProjectDependencies) = postProject
		{DAE7166D-85E0-371E-8F3F-9F343BC6FFBE} = {DAE7166D-85E0-371E-8F3F-9F343BC6FFBE}
	EndProjectSection
EndProject
Project("{8BC9CEB8-8B4A-11D0-8D11-00A0C91BC942}") = "ZERO_CHECK", "ZERO_CHECK.vcxproj", "{DAE7166D-85E0-371E-8F3F-9F343BC6FFBE}"
	ProjectSection(ProjectDependencies) = postProject
	EndProjectSection
EndProject
Project("{8BC9CEB8-8B4A-11D0-8D11-00A0C91BC942}") = "assimp", "code\assimp.vcxproj", "{4204AD75-E004-3EA0-9619-488E864BCFDC}"
	ProjectSection(ProjectDependencies) = postProject
		{13156F7D-5536-3F17-92D9-77BF04EB1219} = {13156F7D-5536-3F17-92D9-77BF04EB1219}
		{DAE7166D-85E0-371E-8F3F-9F343BC6FFBE} = {DAE7166D-85E0-371E-8F3F-9F343BC6FFBE}
		{42800437-56B4-3DEB-8D69-8D2275040F4E} = {42800437-56B4-3DEB-8D69-8D2275040F4E}
	EndProjectSection
EndProject
Project("{8BC9CEB8-8B4A-11D0-8D11-00A0C91BC942}") = "uninstall", "uninstall.vcxproj", "{879616D9-421A-35C7-BEC5-30740ED767BE}"
	ProjectSection(ProjectDependencies) = postProject
		{DAE7166D-85E0-371E-8F3F-9F343BC6FFBE} = {DAE7166D-85E0-371E-8F3F-9F343BC6FFBE}
	EndProjectSection
EndProject
Project("{8BC9CEB8-8B4A-11D0-8D11-00A0C91BC942}") = "zlib", "contrib\zlib\zlib.vcxproj", "{A402E191-AB4D-3E2D-8784-2965D1931839}"
	ProjectSection(ProjectDependencies) = postProject
		{DAE7166D-85E0-371E-8F3F-9F343BC6FFBE} = {DAE7166D-85E0-371E-8F3F-9F343BC6FFBE}
	EndProjectSection
EndProject
Project("{8BC9CEB8-8B4A-11D0-8D11-00A0C91BC942}") = "zlibstatic", "contrib\zlib\zlibstatic.vcxproj", "{42800437-56B4-3DEB-8D69-8D2275040F4E}"
	ProjectSection(ProjectDependencies) = postProject
		{DAE7166D-85E0-371E-8F3F-9F343BC6FFBE} = {DAE7166D-85E0-371E-8F3F-9F343BC6FFBE}
	EndProjectSection
EndProject
Global
	GlobalSection(SolutionConfigurationPlatforms) = preSolution
		Debug|x64 = Debug|x64
		Release|x64 = Release|x64
		MinSizeRel|x64 = MinSizeRel|x64
		RelWithDebInfo|x64 = RelWithDebInfo|x64
	EndGlobalSection
	GlobalSection(ProjectConfigurationPlatforms) = postSolution
		{07CAE78F-F681-316A-AD9B-6181F63B0E42}.Debug|x64.ActiveCfg = Debug|x64
		{07CAE78F-F681-316A-AD9B-6181F63B0E42}.Debug|x64.Build.0 = Debug|x64
		{07CAE78F-F681-316A-AD9B-6181F63B0E42}.Release|x64.ActiveCfg = Release|x64
		{07CAE78F-F681-316A-AD9B-6181F63B0E42}.Release|x64.Build.0 = Release|x64
		{07CAE78F-F681-316A-AD9B-6181F63B0E42}.MinSizeRel|x64.ActiveCfg = MinSizeRel|x64
		{07CAE78F-F681-316A-AD9B-6181F63B0E42}.MinSizeRel|x64.Build.0 = MinSizeRel|x64
		{07CAE78F-F681-316A-AD9B-6181F63B0E42}.RelWithDebInfo|x64.ActiveCfg = RelWithDebInfo|x64
		{07CAE78F-F681-316A-AD9B-6181F63B0E42}.RelWithDebInfo|x64.Build.0 = RelWithDebInfo|x64
		{7136FE05-6C2B-39FA-B094-51907540FE5A}.Debug|x64.ActiveCfg = Debug|x64
		{7136FE05-6C2B-39FA-B094-51907540FE5A}.Release|x64.ActiveCfg = Release|x64
		{7136FE05-6C2B-39FA-B094-51907540FE5A}.MinSizeRel|x64.ActiveCfg = MinSizeRel|x64
		{7136FE05-6C2B-39FA-B094-51907540FE5A}.RelWithDebInfo|x64.ActiveCfg = RelWithDebInfo|x64
		{13156F7D-5536-3F17-92D9-77BF04EB1219}.Debug|x64.ActiveCfg = Debug|x64
		{13156F7D-5536-3F17-92D9-77BF04EB1219}.Debug|x64.Build.0 = Debug|x64
		{13156F7D-5536-3F17-92D9-77BF04EB1219}.Release|x64.ActiveCfg = Release|x64
		{13156F7D-5536-3F17-92D9-77BF04EB1219}.Release|x64.Build.0 = Release|x64
		{13156F7D-5536-3F17-92D9-77BF04EB1219}.MinSizeRel|x64.ActiveCfg = MinSizeRel|x64
		{13156F7D-5536-3F17-92D9-77BF04EB1219}.MinSizeRel|x64.Build.0 = MinSizeRel|x64
		{13156F7D-5536-3F17-92D9-77BF04EB1219}.RelWithDebInfo|x64.ActiveCfg = RelWithDebInfo|x64
		{13156F7D-5536-3F17-92D9-77BF04EB1219}.RelWithDebInfo|x64.Build.0 = RelWithDebInfo|x64
		{90B4489B-0C66-3997-A959-720312489E82}.Debug|x64.ActiveCfg = Debug|x64
		{90B4489B-0C66-3997-A959-720312489E82}.Release|x64.ActiveCfg = Release|x64
		{90B4489B-0C66-3997-A959-720312489E82}.MinSizeRel|x64.ActiveCfg = MinSizeRel|x64
		{90B4489B-0C66-3997-A959-720312489E82}.RelWithDebInfo|x64.ActiveCfg = RelWithDebInfo|x64
		{DAE7166D-85E0-371E-8F3F-9F343BC6FFBE}.Debug|x64.ActiveCfg = Debug|x64
		{DAE7166D-85E0-371E-8F3F-9F343BC6FFBE}.Debug|x64.Build.0 = Debug|x64
		{DAE7166D-85E0-371E-8F3F-9F343BC6FFBE}.Release|x64.ActiveCfg = Release|x64
		{DAE7166D-85E0-371E-8F3F-9F343BC6FFBE}.Release|x64.Build.0 = Release|x64
		{DAE7166D-85E0-371E-8F3F-9F343BC6FFBE}.MinSizeRel|x64.ActiveCfg = MinSizeRel|x64
		{DAE7166D-85E0-371E-8F3F-9F343BC6FFBE}.MinSizeRel|x64.Build.0 = MinSizeRel|x64
		{DAE7166D-85E0-371E-8F3F-9F343BC6FFBE}.RelWithDebInfo|x64.ActiveCfg = RelWithDebInfo|x64
		{DAE7166D-85E0-371E-8F3F-9F343BC6FFBE}.RelWithDebInfo|x64.Build.0 = RelWithDebInfo|x64
		{4204AD75-E004-3EA0-9619-488E864BCFDC}.Debug|x64.ActiveCfg = Debug|x64
		{4204AD75-E004-3EA0-9619-488E864BCFDC}.Debug|x64.Build.0 = Debug|x64
		{4204AD75-E004-3EA0-9619-488E864BCFDC}.Release|x64.ActiveCfg = Release|x64
		{4204AD75-E004-3EA0-9619-488E864BCFDC}.Release|x64.Build.0 = Release|x64
		{4204AD75-E004-3EA0-9619-488E864BCFDC}.MinSizeRel|x64.ActiveCfg = MinSizeRel|x64
		{4204AD75-E004-3EA0-9619-488E864BCFDC}.MinSizeRel|x64.Build.0 = MinSizeRel|x64
		{4204AD75-E004-3EA0-9619-488E864BCFDC}.RelWithDebInfo|x64.ActiveCfg = RelWithDebInfo|x64
		{4204AD75-E004-3EA0-9619-488E864BCFDC}.RelWithDebInfo|x64.Build.0 = RelWithDebInfo|x64
		{879616D9-421A-35C7-BEC5-30740ED767BE}.Debug|x64.ActiveCfg = Debug|x64
		{879616D9-421A-35C7-BEC5-30740ED767BE}.Release|x64.ActiveCfg = Release|x64
		{879616D9-421A-35C7-BEC5-30740ED767BE}.MinSizeRel|x64.ActiveCfg = MinSizeRel|x64
		{879616D9-421A-35C7-BEC5-30740ED767BE}.RelWithDebInfo|x64.ActiveCfg = RelWithDebInfo|x64
		{A402E191-AB4D-3E2D-8784-2965D1931839}.Debug|x64.ActiveCfg = Debug|x64
		{A402E191-AB4D-3E2D-8784-2965D1931839}.Debug|x64.Build.0 = Debug|x64
		{A402E191-AB4D-3E2D-8784-2965D1931839}.Release|x64.ActiveCfg = Release|x64
		{A402E191-AB4D-3E2D-8784-2965D1931839}.Release|x64.Build.0 = Release|x64
		{A402E191-AB4D-3E2D-8784-2965D1931839}.MinSizeRel|x64.ActiveCfg = MinSizeRel|x64
		{A402E191-AB4D-3E2D-8784-2965D1931839}.MinSizeRel|x64.Build.0 = MinSizeRel|x64
		{A402E191-AB4D-3E2D-8784-2965D1931839}.RelWithDebInfo|x64.ActiveCfg = RelWithDebInfo|x64
		{A402E191-AB4D-3E2D-8784-2965D1931839}.RelWithDebInfo|x64.Build.0 = RelWithDebInfo|x64
		{42800437-56B4-3DEB-8D69-8D2275040F4E}.Debug|x64.ActiveCfg = Debug|x64
		{42800437-56B4-3DEB-8D69-8D2275040F4E}.Debug|x64.Build.0 = Debug|x64
		{42800437-56B4-3DEB-8D69-8D2275040F4E}.Release|x64.ActiveCfg = Release|x64
		{42800437-56B4-3DEB-8D69-8D2275040F4E}.Release|x64.Build.0 = Release|x64
		{42800437-56B4-3DEB-8D69-8D2275040F4E}.MinSizeRel|x64.ActiveCfg = MinSizeRel|x64
		{42800437-56B4-3DEB-8D69-8D2275040F4E}.MinSizeRel|x64.Build.0 = MinSizeRel|x64
		{42800437-56B4-3DEB-8D69-8D2275040F4E}.RelWithDebInfo|x64.ActiveCfg = RelWithDebInfo|x64
		{42800437-56B4-3DEB-8D69-8D2275040F4E}.RelWithDebInfo|x64.Build.0 = RelWithDebInfo|x64
	EndGlobalSection
	GlobalSection(ExtensibilityGlobals) = postSolution
		SolutionGuid = {972F46B3-CAAC-3591-9E33-F1BE2E6D91EA}
	EndGlobalSection
	GlobalSection(ExtensibilityAddIns) = postSolution
	EndGlobalSection
EndGlobal
