<?xml version="1.0" encoding="utf-8"?>
<Project ToolsVersion="16.0" xmlns="http://schemas.microsoft.com/developer/msbuild/2003">
  <ItemGroup>
    <CustomBuild Include="C:\Users\iamvf\Desktop\assimp5_binaries_ubuntu_16_04\assimp-5.0.1\build_windows10\CMakeFiles\33093a8636d8d80b4197d5b7e5b04a07\uninstall.rule">
      <Filter>CMake Rules</Filter>
    </CustomBuild>
    <CustomBuild Include="C:\Users\iamvf\Desktop\assimp5_binaries_ubuntu_16_04\assimp-5.0.1\CMakeLists.txt" />
  </ItemGroup>
  <ItemGroup>
    <None Include="C:\Users\iamvf\Desktop\assimp5_binaries_ubuntu_16_04\assimp-5.0.1\build_windows10\CMakeFiles\uninstall" />
  </ItemGroup>
  <ItemGroup>
    <Filter Include="CMake Rules">
      <UniqueIdentifier>{B006FE7E-1E19-3249-9177-39C5BC308809}</UniqueIdentifier>
    </Filter>
  </ItemGroup>
</Project>
