<?xml version="1.0" encoding="utf-8"?>
<Project ToolsVersion="16.0" xmlns="http://schemas.microsoft.com/developer/msbuild/2003">
  <ItemGroup>
    <CustomBuild Include="C:\Users\iamvf\Desktop\assimp5_binaries_ubuntu_16_04\assimp-5.0.1\build_windows10\_3rdParty\Hunter\toolchain\_builds\CMakeFiles\83cc0635846d727e47adc32be0a802f9\generate.stamp.rule">
      <Filter>CMake Rules</Filter>
    </CustomBuild>
  </ItemGroup>
  <ItemGroup>
    <Filter Include="CMake Rules">
      <UniqueIdentifier>{CEA0BACD-0B64-3B31-992E-72E08E897DBD}</UniqueIdentifier>
    </Filter>
  </ItemGroup>
</Project>
