<?xml version="1.0" encoding="utf-8"?>
<Project ToolsVersion="16.0" xmlns="http://schemas.microsoft.com/developer/msbuild/2003">
  <ItemGroup>
    <ClCompile Include="C:\Users\iamvf\Desktop\assimp5_binaries_ubuntu_16_04\assimp-5.0.1\code\Common\Assimp.cpp">
      <Filter>Source Files</Filter>
    </ClCompile>
    <ClCompile Include="C:\Users\iamvf\Desktop\assimp5_binaries_ubuntu_16_04\assimp-5.0.1\code\CApi\CInterfaceIOWrapper.cpp">
      <Filter>CApi</Filter>
    </ClCompile>
    <ClCompile Include="C:\Users\iamvf\Desktop\assimp5_binaries_ubuntu_16_04\assimp-5.0.1\code\Common\BaseImporter.cpp">
      <Filter>Common</Filter>
    </ClCompile>
    <ClCompile Include="C:\Users\iamvf\Desktop\assimp5_binaries_ubuntu_16_04\assimp-5.0.1\code\Common\BaseProcess.cpp">
      <Filter>Common</Filter>
    </ClCompile>
    <ClCompile Include="C:\Users\iamvf\Desktop\assimp5_binaries_ubuntu_16_04\assimp-5.0.1\code\Common\PostStepRegistry.cpp">
      <Filter>Common</Filter>
    </ClCompile>
    <ClCompile Include="C:\Users\iamvf\Desktop\assimp5_binaries_ubuntu_16_04\assimp-5.0.1\code\Common\ImporterRegistry.cpp">
      <Filter>Common</Filter>
    </ClCompile>
    <ClCompile Include="C:\Users\iamvf\Desktop\assimp5_binaries_ubuntu_16_04\assimp-5.0.1\code\Common\DefaultIOStream.cpp">
      <Filter>Common</Filter>
    </ClCompile>
    <ClCompile Include="C:\Users\iamvf\Desktop\assimp5_binaries_ubuntu_16_04\assimp-5.0.1\code\Common\DefaultIOSystem.cpp">
      <Filter>Common</Filter>
    </ClCompile>
    <ClCompile Include="C:\Users\iamvf\Desktop\assimp5_binaries_ubuntu_16_04\assimp-5.0.1\code\Common\ZipArchiveIOSystem.cpp">
      <Filter>Common</Filter>
    </ClCompile>
    <ClCompile Include="C:\Users\iamvf\Desktop\assimp5_binaries_ubuntu_16_04\assimp-5.0.1\code\Common\Importer.cpp">
      <Filter>Common</Filter>
    </ClCompile>
    <ClCompile Include="C:\Users\iamvf\Desktop\assimp5_binaries_ubuntu_16_04\assimp-5.0.1\code\Common\SGSpatialSort.cpp">
      <Filter>Common</Filter>
    </ClCompile>
    <ClCompile Include="C:\Users\iamvf\Desktop\assimp5_binaries_ubuntu_16_04\assimp-5.0.1\code\Common\VertexTriangleAdjacency.cpp">
      <Filter>Common</Filter>
    </ClCompile>
    <ClCompile Include="C:\Users\iamvf\Desktop\assimp5_binaries_ubuntu_16_04\assimp-5.0.1\code\Common\SpatialSort.cpp">
      <Filter>Common</Filter>
    </ClCompile>
    <ClCompile Include="C:\Users\iamvf\Desktop\assimp5_binaries_ubuntu_16_04\assimp-5.0.1\code\Common\SceneCombiner.cpp">
      <Filter>Common</Filter>
    </ClCompile>
    <ClCompile Include="C:\Users\iamvf\Desktop\assimp5_binaries_ubuntu_16_04\assimp-5.0.1\code\Common\ScenePreprocessor.cpp">
      <Filter>Common</Filter>
    </ClCompile>
    <ClCompile Include="C:\Users\iamvf\Desktop\assimp5_binaries_ubuntu_16_04\assimp-5.0.1\code\Common\SkeletonMeshBuilder.cpp">
      <Filter>Common</Filter>
    </ClCompile>
    <ClCompile Include="C:\Users\iamvf\Desktop\assimp5_binaries_ubuntu_16_04\assimp-5.0.1\code\Common\SplitByBoneCountProcess.cpp">
      <Filter>Common</Filter>
    </ClCompile>
    <ClCompile Include="C:\Users\iamvf\Desktop\assimp5_binaries_ubuntu_16_04\assimp-5.0.1\code\Common\StandardShapes.cpp">
      <Filter>Common</Filter>
    </ClCompile>
    <ClCompile Include="C:\Users\iamvf\Desktop\assimp5_binaries_ubuntu_16_04\assimp-5.0.1\code\Common\TargetAnimation.cpp">
      <Filter>Common</Filter>
    </ClCompile>
    <ClCompile Include="C:\Users\iamvf\Desktop\assimp5_binaries_ubuntu_16_04\assimp-5.0.1\code\Common\RemoveComments.cpp">
      <Filter>Common</Filter>
    </ClCompile>
    <ClCompile Include="C:\Users\iamvf\Desktop\assimp5_binaries_ubuntu_16_04\assimp-5.0.1\code\Common\Subdivision.cpp">
      <Filter>Common</Filter>
    </ClCompile>
    <ClCompile Include="C:\Users\iamvf\Desktop\assimp5_binaries_ubuntu_16_04\assimp-5.0.1\code\Common\scene.cpp">
      <Filter>Common</Filter>
    </ClCompile>
    <ClCompile Include="C:\Users\iamvf\Desktop\assimp5_binaries_ubuntu_16_04\assimp-5.0.1\code\Common\Bitmap.cpp">
      <Filter>Common</Filter>
    </ClCompile>
    <ClCompile Include="C:\Users\iamvf\Desktop\assimp5_binaries_ubuntu_16_04\assimp-5.0.1\code\Common\Version.cpp">
      <Filter>Common</Filter>
    </ClCompile>
    <ClCompile Include="C:\Users\iamvf\Desktop\assimp5_binaries_ubuntu_16_04\assimp-5.0.1\code\Common\CreateAnimMesh.cpp">
      <Filter>Common</Filter>
    </ClCompile>
    <ClCompile Include="C:\Users\iamvf\Desktop\assimp5_binaries_ubuntu_16_04\assimp-5.0.1\code\Common\simd.cpp">
      <Filter>Common</Filter>
    </ClCompile>
    <ClCompile Include="C:\Users\iamvf\Desktop\assimp5_binaries_ubuntu_16_04\assimp-5.0.1\code\Common\DefaultLogger.cpp">
      <Filter>Logging</Filter>
    </ClCompile>
    <ClCompile Include="C:\Users\iamvf\Desktop\assimp5_binaries_ubuntu_16_04\assimp-5.0.1\code\PostProcessing\CalcTangentsProcess.cpp">
      <Filter>PostProcessing</Filter>
    </ClCompile>
    <ClCompile Include="C:\Users\iamvf\Desktop\assimp5_binaries_ubuntu_16_04\assimp-5.0.1\code\PostProcessing\ComputeUVMappingProcess.cpp">
      <Filter>PostProcessing</Filter>
    </ClCompile>
    <ClCompile Include="C:\Users\iamvf\Desktop\assimp5_binaries_ubuntu_16_04\assimp-5.0.1\code\PostProcessing\ConvertToLHProcess.cpp">
      <Filter>PostProcessing</Filter>
    </ClCompile>
    <ClCompile Include="C:\Users\iamvf\Desktop\assimp5_binaries_ubuntu_16_04\assimp-5.0.1\code\PostProcessing\EmbedTexturesProcess.cpp">
      <Filter>PostProcessing</Filter>
    </ClCompile>
    <ClCompile Include="C:\Users\iamvf\Desktop\assimp5_binaries_ubuntu_16_04\assimp-5.0.1\code\PostProcessing\FindDegenerates.cpp">
      <Filter>PostProcessing</Filter>
    </ClCompile>
    <ClCompile Include="C:\Users\iamvf\Desktop\assimp5_binaries_ubuntu_16_04\assimp-5.0.1\code\PostProcessing\FindInstancesProcess.cpp">
      <Filter>PostProcessing</Filter>
    </ClCompile>
    <ClCompile Include="C:\Users\iamvf\Desktop\assimp5_binaries_ubuntu_16_04\assimp-5.0.1\code\PostProcessing\FindInvalidDataProcess.cpp">
      <Filter>PostProcessing</Filter>
    </ClCompile>
    <ClCompile Include="C:\Users\iamvf\Desktop\assimp5_binaries_ubuntu_16_04\assimp-5.0.1\code\PostProcessing\FixNormalsStep.cpp">
      <Filter>PostProcessing</Filter>
    </ClCompile>
    <ClCompile Include="C:\Users\iamvf\Desktop\assimp5_binaries_ubuntu_16_04\assimp-5.0.1\code\PostProcessing\DropFaceNormalsProcess.cpp">
      <Filter>PostProcessing</Filter>
    </ClCompile>
    <ClCompile Include="C:\Users\iamvf\Desktop\assimp5_binaries_ubuntu_16_04\assimp-5.0.1\code\PostProcessing\GenFaceNormalsProcess.cpp">
      <Filter>PostProcessing</Filter>
    </ClCompile>
    <ClCompile Include="C:\Users\iamvf\Desktop\assimp5_binaries_ubuntu_16_04\assimp-5.0.1\code\PostProcessing\GenVertexNormalsProcess.cpp">
      <Filter>PostProcessing</Filter>
    </ClCompile>
    <ClCompile Include="C:\Users\iamvf\Desktop\assimp5_binaries_ubuntu_16_04\assimp-5.0.1\code\PostProcessing\PretransformVertices.cpp">
      <Filter>PostProcessing</Filter>
    </ClCompile>
    <ClCompile Include="C:\Users\iamvf\Desktop\assimp5_binaries_ubuntu_16_04\assimp-5.0.1\code\PostProcessing\ImproveCacheLocality.cpp">
      <Filter>PostProcessing</Filter>
    </ClCompile>
    <ClCompile Include="C:\Users\iamvf\Desktop\assimp5_binaries_ubuntu_16_04\assimp-5.0.1\code\PostProcessing\JoinVerticesProcess.cpp">
      <Filter>PostProcessing</Filter>
    </ClCompile>
    <ClCompile Include="C:\Users\iamvf\Desktop\assimp5_binaries_ubuntu_16_04\assimp-5.0.1\code\PostProcessing\LimitBoneWeightsProcess.cpp">
      <Filter>PostProcessing</Filter>
    </ClCompile>
    <ClCompile Include="C:\Users\iamvf\Desktop\assimp5_binaries_ubuntu_16_04\assimp-5.0.1\code\PostProcessing\RemoveRedundantMaterials.cpp">
      <Filter>PostProcessing</Filter>
    </ClCompile>
    <ClCompile Include="C:\Users\iamvf\Desktop\assimp5_binaries_ubuntu_16_04\assimp-5.0.1\code\PostProcessing\RemoveVCProcess.cpp">
      <Filter>PostProcessing</Filter>
    </ClCompile>
    <ClCompile Include="C:\Users\iamvf\Desktop\assimp5_binaries_ubuntu_16_04\assimp-5.0.1\code\PostProcessing\SortByPTypeProcess.cpp">
      <Filter>PostProcessing</Filter>
    </ClCompile>
    <ClCompile Include="C:\Users\iamvf\Desktop\assimp5_binaries_ubuntu_16_04\assimp-5.0.1\code\PostProcessing\SplitLargeMeshes.cpp">
      <Filter>PostProcessing</Filter>
    </ClCompile>
    <ClCompile Include="C:\Users\iamvf\Desktop\assimp5_binaries_ubuntu_16_04\assimp-5.0.1\code\PostProcessing\TextureTransform.cpp">
      <Filter>PostProcessing</Filter>
    </ClCompile>
    <ClCompile Include="C:\Users\iamvf\Desktop\assimp5_binaries_ubuntu_16_04\assimp-5.0.1\code\PostProcessing\TriangulateProcess.cpp">
      <Filter>PostProcessing</Filter>
    </ClCompile>
    <ClCompile Include="C:\Users\iamvf\Desktop\assimp5_binaries_ubuntu_16_04\assimp-5.0.1\code\PostProcessing\ValidateDataStructure.cpp">
      <Filter>PostProcessing</Filter>
    </ClCompile>
    <ClCompile Include="C:\Users\iamvf\Desktop\assimp5_binaries_ubuntu_16_04\assimp-5.0.1\code\PostProcessing\OptimizeGraph.cpp">
      <Filter>PostProcessing</Filter>
    </ClCompile>
    <ClCompile Include="C:\Users\iamvf\Desktop\assimp5_binaries_ubuntu_16_04\assimp-5.0.1\code\PostProcessing\OptimizeMeshes.cpp">
      <Filter>PostProcessing</Filter>
    </ClCompile>
    <ClCompile Include="C:\Users\iamvf\Desktop\assimp5_binaries_ubuntu_16_04\assimp-5.0.1\code\PostProcessing\DeboneProcess.cpp">
      <Filter>PostProcessing</Filter>
    </ClCompile>
    <ClCompile Include="C:\Users\iamvf\Desktop\assimp5_binaries_ubuntu_16_04\assimp-5.0.1\code\PostProcessing\ProcessHelper.cpp">
      <Filter>PostProcessing</Filter>
    </ClCompile>
    <ClCompile Include="C:\Users\iamvf\Desktop\assimp5_binaries_ubuntu_16_04\assimp-5.0.1\code\PostProcessing\MakeVerboseFormat.cpp">
      <Filter>PostProcessing</Filter>
    </ClCompile>
    <ClCompile Include="C:\Users\iamvf\Desktop\assimp5_binaries_ubuntu_16_04\assimp-5.0.1\code\PostProcessing\ScaleProcess.cpp">
      <Filter>PostProcessing</Filter>
    </ClCompile>
    <ClCompile Include="C:\Users\iamvf\Desktop\assimp5_binaries_ubuntu_16_04\assimp-5.0.1\code\PostProcessing\GenBoundingBoxesProcess.cpp">
      <Filter>PostProcessing</Filter>
    </ClCompile>
    <ClCompile Include="C:\Users\iamvf\Desktop\assimp5_binaries_ubuntu_16_04\assimp-5.0.1\code\Material\MaterialSystem.cpp">
      <Filter>MaterialSystem</Filter>
    </ClCompile>
    <ClCompile Include="C:\Users\iamvf\Desktop\assimp5_binaries_ubuntu_16_04\assimp-5.0.1\code\Importer\STEPParser\STEPFileReader.cpp">
      <Filter>STEPParser</Filter>
    </ClCompile>
    <ClCompile Include="C:\Users\iamvf\Desktop\assimp5_binaries_ubuntu_16_04\assimp-5.0.1\code\Importer\STEPParser\STEPFileEncoding.cpp">
      <Filter>STEPParser</Filter>
    </ClCompile>
    <ClCompile Include="C:\Users\iamvf\Desktop\assimp5_binaries_ubuntu_16_04\assimp-5.0.1\code\AMF\AMFImporter.cpp">
      <Filter>AMF</Filter>
    </ClCompile>
    <ClCompile Include="C:\Users\iamvf\Desktop\assimp5_binaries_ubuntu_16_04\assimp-5.0.1\code\AMF\AMFImporter_Geometry.cpp">
      <Filter>AMF</Filter>
    </ClCompile>
    <ClCompile Include="C:\Users\iamvf\Desktop\assimp5_binaries_ubuntu_16_04\assimp-5.0.1\code\AMF\AMFImporter_Material.cpp">
      <Filter>AMF</Filter>
    </ClCompile>
    <ClCompile Include="C:\Users\iamvf\Desktop\assimp5_binaries_ubuntu_16_04\assimp-5.0.1\code\AMF\AMFImporter_Postprocess.cpp">
      <Filter>AMF</Filter>
    </ClCompile>
    <ClCompile Include="C:\Users\iamvf\Desktop\assimp5_binaries_ubuntu_16_04\assimp-5.0.1\code\3DS\3DSConverter.cpp">
      <Filter>3DS</Filter>
    </ClCompile>
    <ClCompile Include="C:\Users\iamvf\Desktop\assimp5_binaries_ubuntu_16_04\assimp-5.0.1\code\3DS\3DSLoader.cpp">
      <Filter>3DS</Filter>
    </ClCompile>
    <ClCompile Include="C:\Users\iamvf\Desktop\assimp5_binaries_ubuntu_16_04\assimp-5.0.1\code\AC\ACLoader.cpp">
      <Filter>AC</Filter>
    </ClCompile>
    <ClCompile Include="C:\Users\iamvf\Desktop\assimp5_binaries_ubuntu_16_04\assimp-5.0.1\code\ASE\ASELoader.cpp">
      <Filter>ASE</Filter>
    </ClCompile>
    <ClCompile Include="C:\Users\iamvf\Desktop\assimp5_binaries_ubuntu_16_04\assimp-5.0.1\code\ASE\ASEParser.cpp">
      <Filter>ASE</Filter>
    </ClCompile>
    <ClCompile Include="C:\Users\iamvf\Desktop\assimp5_binaries_ubuntu_16_04\assimp-5.0.1\code\Assbin\AssbinLoader.cpp">
      <Filter>ASSBIN</Filter>
    </ClCompile>
    <ClCompile Include="C:\Users\iamvf\Desktop\assimp5_binaries_ubuntu_16_04\assimp-5.0.1\code\B3D\B3DImporter.cpp">
      <Filter>B3D</Filter>
    </ClCompile>
    <ClCompile Include="C:\Users\iamvf\Desktop\assimp5_binaries_ubuntu_16_04\assimp-5.0.1\code\BVH\BVHLoader.cpp">
      <Filter>BVH</Filter>
    </ClCompile>
    <ClCompile Include="C:\Users\iamvf\Desktop\assimp5_binaries_ubuntu_16_04\assimp-5.0.1\code\Collada\ColladaLoader.cpp">
      <Filter>COLLADA</Filter>
    </ClCompile>
    <ClCompile Include="C:\Users\iamvf\Desktop\assimp5_binaries_ubuntu_16_04\assimp-5.0.1\code\Collada\ColladaParser.cpp">
      <Filter>COLLADA</Filter>
    </ClCompile>
    <ClCompile Include="C:\Users\iamvf\Desktop\assimp5_binaries_ubuntu_16_04\assimp-5.0.1\code\DXF\DXFLoader.cpp">
      <Filter>DXF</Filter>
    </ClCompile>
    <ClCompile Include="C:\Users\iamvf\Desktop\assimp5_binaries_ubuntu_16_04\assimp-5.0.1\code\CSM\CSMLoader.cpp">
      <Filter>CSM</Filter>
    </ClCompile>
    <ClCompile Include="C:\Users\iamvf\Desktop\assimp5_binaries_ubuntu_16_04\assimp-5.0.1\code\HMP\HMPLoader.cpp">
      <Filter>HMP</Filter>
    </ClCompile>
    <ClCompile Include="C:\Users\iamvf\Desktop\assimp5_binaries_ubuntu_16_04\assimp-5.0.1\code\Irr\IRRMeshLoader.cpp">
      <Filter>IRRMESH</Filter>
    </ClCompile>
    <ClCompile Include="C:\Users\iamvf\Desktop\assimp5_binaries_ubuntu_16_04\assimp-5.0.1\code\Irr\IRRShared.cpp">
      <Filter>IRR</Filter>
    </ClCompile>
    <ClCompile Include="C:\Users\iamvf\Desktop\assimp5_binaries_ubuntu_16_04\assimp-5.0.1\code\Irr\IRRLoader.cpp">
      <Filter>IRR</Filter>
    </ClCompile>
    <ClCompile Include="C:\Users\iamvf\Desktop\assimp5_binaries_ubuntu_16_04\assimp-5.0.1\code\LWO\LWOAnimation.cpp">
      <Filter>LWO</Filter>
    </ClCompile>
    <ClCompile Include="C:\Users\iamvf\Desktop\assimp5_binaries_ubuntu_16_04\assimp-5.0.1\code\LWO\LWOBLoader.cpp">
      <Filter>LWO</Filter>
    </ClCompile>
    <ClCompile Include="C:\Users\iamvf\Desktop\assimp5_binaries_ubuntu_16_04\assimp-5.0.1\code\LWO\LWOLoader.cpp">
      <Filter>LWO</Filter>
    </ClCompile>
    <ClCompile Include="C:\Users\iamvf\Desktop\assimp5_binaries_ubuntu_16_04\assimp-5.0.1\code\LWO\LWOMaterial.cpp">
      <Filter>LWO</Filter>
    </ClCompile>
    <ClCompile Include="C:\Users\iamvf\Desktop\assimp5_binaries_ubuntu_16_04\assimp-5.0.1\code\LWS\LWSLoader.cpp">
      <Filter>LWS</Filter>
    </ClCompile>
    <ClCompile Include="C:\Users\iamvf\Desktop\assimp5_binaries_ubuntu_16_04\assimp-5.0.1\code\MD2\MD2Loader.cpp">
      <Filter>MD2</Filter>
    </ClCompile>
    <ClCompile Include="C:\Users\iamvf\Desktop\assimp5_binaries_ubuntu_16_04\assimp-5.0.1\code\MD3\MD3Loader.cpp">
      <Filter>MD3</Filter>
    </ClCompile>
    <ClCompile Include="C:\Users\iamvf\Desktop\assimp5_binaries_ubuntu_16_04\assimp-5.0.1\code\MD5\MD5Loader.cpp">
      <Filter>MD5</Filter>
    </ClCompile>
    <ClCompile Include="C:\Users\iamvf\Desktop\assimp5_binaries_ubuntu_16_04\assimp-5.0.1\code\MD5\MD5Parser.cpp">
      <Filter>MD5</Filter>
    </ClCompile>
    <ClCompile Include="C:\Users\iamvf\Desktop\assimp5_binaries_ubuntu_16_04\assimp-5.0.1\code\MDC\MDCLoader.cpp">
      <Filter>MDC</Filter>
    </ClCompile>
    <ClCompile Include="C:\Users\iamvf\Desktop\assimp5_binaries_ubuntu_16_04\assimp-5.0.1\code\MDL\MDLLoader.cpp">
      <Filter>MDL</Filter>
    </ClCompile>
    <ClCompile Include="C:\Users\iamvf\Desktop\assimp5_binaries_ubuntu_16_04\assimp-5.0.1\code\MDL\MDLMaterialLoader.cpp">
      <Filter>MDL</Filter>
    </ClCompile>
    <ClCompile Include="C:\Users\iamvf\Desktop\assimp5_binaries_ubuntu_16_04\assimp-5.0.1\code\NFF\NFFLoader.cpp">
      <Filter>NFF</Filter>
    </ClCompile>
    <ClCompile Include="C:\Users\iamvf\Desktop\assimp5_binaries_ubuntu_16_04\assimp-5.0.1\code\NDO\NDOLoader.cpp">
      <Filter>NDO</Filter>
    </ClCompile>
    <ClCompile Include="C:\Users\iamvf\Desktop\assimp5_binaries_ubuntu_16_04\assimp-5.0.1\code\OFF\OFFLoader.cpp">
      <Filter>OFF</Filter>
    </ClCompile>
    <ClCompile Include="C:\Users\iamvf\Desktop\assimp5_binaries_ubuntu_16_04\assimp-5.0.1\code\Obj\ObjFileImporter.cpp">
      <Filter>OBJ</Filter>
    </ClCompile>
    <ClCompile Include="C:\Users\iamvf\Desktop\assimp5_binaries_ubuntu_16_04\assimp-5.0.1\code\Obj\ObjFileMtlImporter.cpp">
      <Filter>OBJ</Filter>
    </ClCompile>
    <ClCompile Include="C:\Users\iamvf\Desktop\assimp5_binaries_ubuntu_16_04\assimp-5.0.1\code\Obj\ObjFileParser.cpp">
      <Filter>OBJ</Filter>
    </ClCompile>
    <ClCompile Include="C:\Users\iamvf\Desktop\assimp5_binaries_ubuntu_16_04\assimp-5.0.1\code\Ogre\OgreImporter.cpp">
      <Filter>OGRE</Filter>
    </ClCompile>
    <ClCompile Include="C:\Users\iamvf\Desktop\assimp5_binaries_ubuntu_16_04\assimp-5.0.1\code\Ogre\OgreStructs.cpp">
      <Filter>OGRE</Filter>
    </ClCompile>
    <ClCompile Include="C:\Users\iamvf\Desktop\assimp5_binaries_ubuntu_16_04\assimp-5.0.1\code\Ogre\OgreBinarySerializer.cpp">
      <Filter>OGRE</Filter>
    </ClCompile>
    <ClCompile Include="C:\Users\iamvf\Desktop\assimp5_binaries_ubuntu_16_04\assimp-5.0.1\code\Ogre\OgreXmlSerializer.cpp">
      <Filter>OGRE</Filter>
    </ClCompile>
    <ClCompile Include="C:\Users\iamvf\Desktop\assimp5_binaries_ubuntu_16_04\assimp-5.0.1\code\Ogre\OgreMaterial.cpp">
      <Filter>OGRE</Filter>
    </ClCompile>
    <ClCompile Include="C:\Users\iamvf\Desktop\assimp5_binaries_ubuntu_16_04\assimp-5.0.1\code\OpenGEX\OpenGEXImporter.cpp">
      <Filter>OPENGEX</Filter>
    </ClCompile>
    <ClCompile Include="C:\Users\iamvf\Desktop\assimp5_binaries_ubuntu_16_04\assimp-5.0.1\code\Ply\PlyLoader.cpp">
      <Filter>PLY</Filter>
    </ClCompile>
    <ClCompile Include="C:\Users\iamvf\Desktop\assimp5_binaries_ubuntu_16_04\assimp-5.0.1\code\Ply\PlyParser.cpp">
      <Filter>PLY</Filter>
    </ClCompile>
    <ClCompile Include="C:\Users\iamvf\Desktop\assimp5_binaries_ubuntu_16_04\assimp-5.0.1\code\MS3D\MS3DLoader.cpp">
      <Filter>MS3D</Filter>
    </ClCompile>
    <ClCompile Include="C:\Users\iamvf\Desktop\assimp5_binaries_ubuntu_16_04\assimp-5.0.1\code\COB\COBLoader.cpp">
      <Filter>COB</Filter>
    </ClCompile>
    <ClCompile Include="C:\Users\iamvf\Desktop\assimp5_binaries_ubuntu_16_04\assimp-5.0.1\code\Blender\BlenderLoader.cpp">
      <Filter>BLEND</Filter>
    </ClCompile>
    <ClCompile Include="C:\Users\iamvf\Desktop\assimp5_binaries_ubuntu_16_04\assimp-5.0.1\code\Blender\BlenderDNA.cpp">
      <Filter>BLEND</Filter>
    </ClCompile>
    <ClCompile Include="C:\Users\iamvf\Desktop\assimp5_binaries_ubuntu_16_04\assimp-5.0.1\code\Blender\BlenderScene.cpp">
      <Filter>BLEND</Filter>
    </ClCompile>
    <ClCompile Include="C:\Users\iamvf\Desktop\assimp5_binaries_ubuntu_16_04\assimp-5.0.1\code\Blender\BlenderModifier.cpp">
      <Filter>BLEND</Filter>
    </ClCompile>
    <ClCompile Include="C:\Users\iamvf\Desktop\assimp5_binaries_ubuntu_16_04\assimp-5.0.1\code\Blender\BlenderBMesh.cpp">
      <Filter>BLEND</Filter>
    </ClCompile>
    <ClCompile Include="C:\Users\iamvf\Desktop\assimp5_binaries_ubuntu_16_04\assimp-5.0.1\code\Blender\BlenderTessellator.cpp">
      <Filter>BLEND</Filter>
    </ClCompile>
    <ClCompile Include="C:\Users\iamvf\Desktop\assimp5_binaries_ubuntu_16_04\assimp-5.0.1\code\Blender\BlenderCustomData.cpp">
      <Filter>BLEND</Filter>
    </ClCompile>
    <ClCompile Include="C:\Users\iamvf\Desktop\assimp5_binaries_ubuntu_16_04\assimp-5.0.1\code\Importer\IFC\IFCLoader.cpp">
      <Filter>IFC</Filter>
    </ClCompile>
    <ClCompile Include="C:\Users\iamvf\Desktop\assimp5_binaries_ubuntu_16_04\assimp-5.0.1\code\Importer\IFC\IFCReaderGen1_2x3.cpp">
      <Filter>IFC</Filter>
    </ClCompile>
    <ClCompile Include="C:\Users\iamvf\Desktop\assimp5_binaries_ubuntu_16_04\assimp-5.0.1\code\Importer\IFC\IFCReaderGen2_2x3.cpp">
      <Filter>IFC</Filter>
    </ClCompile>
    <ClCompile Include="C:\Users\iamvf\Desktop\assimp5_binaries_ubuntu_16_04\assimp-5.0.1\code\Importer\IFC\IFCUtil.cpp">
      <Filter>IFC</Filter>
    </ClCompile>
    <ClCompile Include="C:\Users\iamvf\Desktop\assimp5_binaries_ubuntu_16_04\assimp-5.0.1\code\Importer\IFC\IFCGeometry.cpp">
      <Filter>IFC</Filter>
    </ClCompile>
    <ClCompile Include="C:\Users\iamvf\Desktop\assimp5_binaries_ubuntu_16_04\assimp-5.0.1\code\Importer\IFC\IFCMaterial.cpp">
      <Filter>IFC</Filter>
    </ClCompile>
    <ClCompile Include="C:\Users\iamvf\Desktop\assimp5_binaries_ubuntu_16_04\assimp-5.0.1\code\Importer\IFC\IFCProfile.cpp">
      <Filter>IFC</Filter>
    </ClCompile>
    <ClCompile Include="C:\Users\iamvf\Desktop\assimp5_binaries_ubuntu_16_04\assimp-5.0.1\code\Importer\IFC\IFCCurve.cpp">
      <Filter>IFC</Filter>
    </ClCompile>
    <ClCompile Include="C:\Users\iamvf\Desktop\assimp5_binaries_ubuntu_16_04\assimp-5.0.1\code\Importer\IFC\IFCBoolean.cpp">
      <Filter>IFC</Filter>
    </ClCompile>
    <ClCompile Include="C:\Users\iamvf\Desktop\assimp5_binaries_ubuntu_16_04\assimp-5.0.1\code\Importer\IFC\IFCOpenings.cpp">
      <Filter>IFC</Filter>
    </ClCompile>
    <ClCompile Include="C:\Users\iamvf\Desktop\assimp5_binaries_ubuntu_16_04\assimp-5.0.1\code\XGL\XGLLoader.cpp">
      <Filter>XGL</Filter>
    </ClCompile>
    <ClCompile Include="C:\Users\iamvf\Desktop\assimp5_binaries_ubuntu_16_04\assimp-5.0.1\code\FBX\FBXImporter.cpp">
      <Filter>FBX</Filter>
    </ClCompile>
    <ClCompile Include="C:\Users\iamvf\Desktop\assimp5_binaries_ubuntu_16_04\assimp-5.0.1\code\FBX\FBXParser.cpp">
      <Filter>FBX</Filter>
    </ClCompile>
    <ClCompile Include="C:\Users\iamvf\Desktop\assimp5_binaries_ubuntu_16_04\assimp-5.0.1\code\FBX\FBXTokenizer.cpp">
      <Filter>FBX</Filter>
    </ClCompile>
    <ClCompile Include="C:\Users\iamvf\Desktop\assimp5_binaries_ubuntu_16_04\assimp-5.0.1\code\FBX\FBXConverter.cpp">
      <Filter>FBX</Filter>
    </ClCompile>
    <ClCompile Include="C:\Users\iamvf\Desktop\assimp5_binaries_ubuntu_16_04\assimp-5.0.1\code\FBX\FBXUtil.cpp">
      <Filter>FBX</Filter>
    </ClCompile>
    <ClCompile Include="C:\Users\iamvf\Desktop\assimp5_binaries_ubuntu_16_04\assimp-5.0.1\code\FBX\FBXDocument.cpp">
      <Filter>FBX</Filter>
    </ClCompile>
    <ClCompile Include="C:\Users\iamvf\Desktop\assimp5_binaries_ubuntu_16_04\assimp-5.0.1\code\FBX\FBXProperties.cpp">
      <Filter>FBX</Filter>
    </ClCompile>
    <ClCompile Include="C:\Users\iamvf\Desktop\assimp5_binaries_ubuntu_16_04\assimp-5.0.1\code\FBX\FBXMeshGeometry.cpp">
      <Filter>FBX</Filter>
    </ClCompile>
    <ClCompile Include="C:\Users\iamvf\Desktop\assimp5_binaries_ubuntu_16_04\assimp-5.0.1\code\FBX\FBXMaterial.cpp">
      <Filter>FBX</Filter>
    </ClCompile>
    <ClCompile Include="C:\Users\iamvf\Desktop\assimp5_binaries_ubuntu_16_04\assimp-5.0.1\code\FBX\FBXModel.cpp">
      <Filter>FBX</Filter>
    </ClCompile>
    <ClCompile Include="C:\Users\iamvf\Desktop\assimp5_binaries_ubuntu_16_04\assimp-5.0.1\code\FBX\FBXAnimation.cpp">
      <Filter>FBX</Filter>
    </ClCompile>
    <ClCompile Include="C:\Users\iamvf\Desktop\assimp5_binaries_ubuntu_16_04\assimp-5.0.1\code\FBX\FBXNodeAttribute.cpp">
      <Filter>FBX</Filter>
    </ClCompile>
    <ClCompile Include="C:\Users\iamvf\Desktop\assimp5_binaries_ubuntu_16_04\assimp-5.0.1\code\FBX\FBXDeformer.cpp">
      <Filter>FBX</Filter>
    </ClCompile>
    <ClCompile Include="C:\Users\iamvf\Desktop\assimp5_binaries_ubuntu_16_04\assimp-5.0.1\code\FBX\FBXBinaryTokenizer.cpp">
      <Filter>FBX</Filter>
    </ClCompile>
    <ClCompile Include="C:\Users\iamvf\Desktop\assimp5_binaries_ubuntu_16_04\assimp-5.0.1\code\FBX\FBXDocumentUtil.cpp">
      <Filter>FBX</Filter>
    </ClCompile>
    <ClCompile Include="C:\Users\iamvf\Desktop\assimp5_binaries_ubuntu_16_04\assimp-5.0.1\code\Q3D\Q3DLoader.cpp">
      <Filter>Q3D</Filter>
    </ClCompile>
    <ClCompile Include="C:\Users\iamvf\Desktop\assimp5_binaries_ubuntu_16_04\assimp-5.0.1\code\Q3BSP\Q3BSPFileParser.cpp">
      <Filter>Q3BSP</Filter>
    </ClCompile>
    <ClCompile Include="C:\Users\iamvf\Desktop\assimp5_binaries_ubuntu_16_04\assimp-5.0.1\code\Q3BSP\Q3BSPFileImporter.cpp">
      <Filter>Q3BSP</Filter>
    </ClCompile>
    <ClCompile Include="C:\Users\iamvf\Desktop\assimp5_binaries_ubuntu_16_04\assimp-5.0.1\code\Raw\RawLoader.cpp">
      <Filter>RAW</Filter>
    </ClCompile>
    <ClCompile Include="C:\Users\iamvf\Desktop\assimp5_binaries_ubuntu_16_04\assimp-5.0.1\code\SIB\SIBImporter.cpp">
      <Filter>SIB</Filter>
    </ClCompile>
    <ClCompile Include="C:\Users\iamvf\Desktop\assimp5_binaries_ubuntu_16_04\assimp-5.0.1\code\SMD\SMDLoader.cpp">
      <Filter>SMD</Filter>
    </ClCompile>
    <ClCompile Include="C:\Users\iamvf\Desktop\assimp5_binaries_ubuntu_16_04\assimp-5.0.1\code\STL\STLLoader.cpp">
      <Filter>STL</Filter>
    </ClCompile>
    <ClCompile Include="C:\Users\iamvf\Desktop\assimp5_binaries_ubuntu_16_04\assimp-5.0.1\code\Terragen\TerragenLoader.cpp">
      <Filter>TERRAGEN</Filter>
    </ClCompile>
    <ClCompile Include="C:\Users\iamvf\Desktop\assimp5_binaries_ubuntu_16_04\assimp-5.0.1\code\Unreal\UnrealLoader.cpp">
      <Filter>3D</Filter>
    </ClCompile>
    <ClCompile Include="C:\Users\iamvf\Desktop\assimp5_binaries_ubuntu_16_04\assimp-5.0.1\code\X\XFileImporter.cpp">
      <Filter>X</Filter>
    </ClCompile>
    <ClCompile Include="C:\Users\iamvf\Desktop\assimp5_binaries_ubuntu_16_04\assimp-5.0.1\code\X\XFileParser.cpp">
      <Filter>X</Filter>
    </ClCompile>
    <ClCompile Include="C:\Users\iamvf\Desktop\assimp5_binaries_ubuntu_16_04\assimp-5.0.1\code\X3D\X3DImporter.cpp">
      <Filter>X3D</Filter>
    </ClCompile>
    <ClCompile Include="C:\Users\iamvf\Desktop\assimp5_binaries_ubuntu_16_04\assimp-5.0.1\code\X3D\X3DImporter_Geometry2D.cpp">
      <Filter>X3D</Filter>
    </ClCompile>
    <ClCompile Include="C:\Users\iamvf\Desktop\assimp5_binaries_ubuntu_16_04\assimp-5.0.1\code\X3D\X3DImporter_Geometry3D.cpp">
      <Filter>X3D</Filter>
    </ClCompile>
    <ClCompile Include="C:\Users\iamvf\Desktop\assimp5_binaries_ubuntu_16_04\assimp-5.0.1\code\X3D\X3DImporter_Group.cpp">
      <Filter>X3D</Filter>
    </ClCompile>
    <ClCompile Include="C:\Users\iamvf\Desktop\assimp5_binaries_ubuntu_16_04\assimp-5.0.1\code\X3D\X3DImporter_Light.cpp">
      <Filter>X3D</Filter>
    </ClCompile>
    <ClCompile Include="C:\Users\iamvf\Desktop\assimp5_binaries_ubuntu_16_04\assimp-5.0.1\code\X3D\X3DImporter_Metadata.cpp">
      <Filter>X3D</Filter>
    </ClCompile>
    <ClCompile Include="C:\Users\iamvf\Desktop\assimp5_binaries_ubuntu_16_04\assimp-5.0.1\code\X3D\X3DImporter_Networking.cpp">
      <Filter>X3D</Filter>
    </ClCompile>
    <ClCompile Include="C:\Users\iamvf\Desktop\assimp5_binaries_ubuntu_16_04\assimp-5.0.1\code\X3D\X3DImporter_Postprocess.cpp">
      <Filter>X3D</Filter>
    </ClCompile>
    <ClCompile Include="C:\Users\iamvf\Desktop\assimp5_binaries_ubuntu_16_04\assimp-5.0.1\code\X3D\X3DImporter_Rendering.cpp">
      <Filter>X3D</Filter>
    </ClCompile>
    <ClCompile Include="C:\Users\iamvf\Desktop\assimp5_binaries_ubuntu_16_04\assimp-5.0.1\code\X3D\X3DImporter_Shape.cpp">
      <Filter>X3D</Filter>
    </ClCompile>
    <ClCompile Include="C:\Users\iamvf\Desktop\assimp5_binaries_ubuntu_16_04\assimp-5.0.1\code\X3D\X3DImporter_Texturing.cpp">
      <Filter>X3D</Filter>
    </ClCompile>
    <ClCompile Include="C:\Users\iamvf\Desktop\assimp5_binaries_ubuntu_16_04\assimp-5.0.1\code\X3D\FIReader.cpp">
      <Filter>X3D</Filter>
    </ClCompile>
    <ClCompile Include="C:\Users\iamvf\Desktop\assimp5_binaries_ubuntu_16_04\assimp-5.0.1\code\X3D\X3DVocabulary.cpp">
      <Filter>X3D</Filter>
    </ClCompile>
    <ClCompile Include="C:\Users\iamvf\Desktop\assimp5_binaries_ubuntu_16_04\assimp-5.0.1\code\glTF\glTFCommon.cpp">
      <Filter>GLTF</Filter>
    </ClCompile>
    <ClCompile Include="C:\Users\iamvf\Desktop\assimp5_binaries_ubuntu_16_04\assimp-5.0.1\code\glTF\glTFImporter.cpp">
      <Filter>GLTF</Filter>
    </ClCompile>
    <ClCompile Include="C:\Users\iamvf\Desktop\assimp5_binaries_ubuntu_16_04\assimp-5.0.1\code\glTF2\glTF2Importer.cpp">
      <Filter>GLTF</Filter>
    </ClCompile>
    <ClCompile Include="C:\Users\iamvf\Desktop\assimp5_binaries_ubuntu_16_04\assimp-5.0.1\code\3MF\D3MFImporter.cpp">
      <Filter>3MF</Filter>
    </ClCompile>
    <ClCompile Include="C:\Users\iamvf\Desktop\assimp5_binaries_ubuntu_16_04\assimp-5.0.1\code\3MF\D3MFOpcPackage.cpp">
      <Filter>3MF</Filter>
    </ClCompile>
    <ClCompile Include="C:\Users\iamvf\Desktop\assimp5_binaries_ubuntu_16_04\assimp-5.0.1\code\MMD\MMDImporter.cpp">
      <Filter>MMD</Filter>
    </ClCompile>
    <ClCompile Include="C:\Users\iamvf\Desktop\assimp5_binaries_ubuntu_16_04\assimp-5.0.1\code\MMD\MMDPmxParser.cpp">
      <Filter>MMD</Filter>
    </ClCompile>
    <ClCompile Include="C:\Users\iamvf\Desktop\assimp5_binaries_ubuntu_16_04\assimp-5.0.1\code\Importer\StepFile\StepFileImporter.cpp">
      <Filter>STEP</Filter>
    </ClCompile>
    <ClCompile Include="C:\Users\iamvf\Desktop\assimp5_binaries_ubuntu_16_04\assimp-5.0.1\code\Importer\StepFile\StepFileGen1.cpp">
      <Filter>STEP</Filter>
    </ClCompile>
    <ClCompile Include="C:\Users\iamvf\Desktop\assimp5_binaries_ubuntu_16_04\assimp-5.0.1\code\Importer\StepFile\StepFileGen2.cpp">
      <Filter>STEP</Filter>
    </ClCompile>
    <ClCompile Include="C:\Users\iamvf\Desktop\assimp5_binaries_ubuntu_16_04\assimp-5.0.1\code\Importer\StepFile\StepFileGen3.cpp">
      <Filter>STEP</Filter>
    </ClCompile>
  </ItemGroup>
  <ItemGroup>
    <ClInclude Include="C:\Users\iamvf\Desktop\assimp5_binaries_ubuntu_16_04\assimp-5.0.1\code\CApi\CInterfaceIOWrapper.h">
      <Filter>CApi</Filter>
    </ClInclude>
    <ClInclude Include="C:\Users\iamvf\Desktop\assimp5_binaries_ubuntu_16_04\assimp-5.0.1\code\Common\BaseProcess.h">
      <Filter>Common</Filter>
    </ClInclude>
    <ClInclude Include="C:\Users\iamvf\Desktop\assimp5_binaries_ubuntu_16_04\assimp-5.0.1\code\Common\Importer.h">
      <Filter>Common</Filter>
    </ClInclude>
    <ClInclude Include="C:\Users\iamvf\Desktop\assimp5_binaries_ubuntu_16_04\assimp-5.0.1\code\Common\ScenePrivate.h">
      <Filter>Common</Filter>
    </ClInclude>
    <ClInclude Include="C:\Users\iamvf\Desktop\assimp5_binaries_ubuntu_16_04\assimp-5.0.1\code\Common\DefaultProgressHandler.h">
      <Filter>Common</Filter>
    </ClInclude>
    <ClInclude Include="C:\Users\iamvf\Desktop\assimp5_binaries_ubuntu_16_04\assimp-5.0.1\code\Common\PolyTools.h">
      <Filter>Common</Filter>
    </ClInclude>
    <ClInclude Include="C:\Users\iamvf\Desktop\assimp5_binaries_ubuntu_16_04\assimp-5.0.1\code\Common\IFF.h">
      <Filter>Common</Filter>
    </ClInclude>
    <ClInclude Include="C:\Users\iamvf\Desktop\assimp5_binaries_ubuntu_16_04\assimp-5.0.1\code\Common\VertexTriangleAdjacency.h">
      <Filter>Common</Filter>
    </ClInclude>
    <ClInclude Include="C:\Users\iamvf\Desktop\assimp5_binaries_ubuntu_16_04\assimp-5.0.1\code\Common\ScenePreprocessor.h">
      <Filter>Common</Filter>
    </ClInclude>
    <ClInclude Include="C:\Users\iamvf\Desktop\assimp5_binaries_ubuntu_16_04\assimp-5.0.1\code\Common\SplitByBoneCountProcess.h">
      <Filter>Common</Filter>
    </ClInclude>
    <ClInclude Include="C:\Users\iamvf\Desktop\assimp5_binaries_ubuntu_16_04\assimp-5.0.1\code\Common\TargetAnimation.h">
      <Filter>Common</Filter>
    </ClInclude>
    <ClInclude Include="C:\Users\iamvf\Desktop\assimp5_binaries_ubuntu_16_04\assimp-5.0.1\code\Common\simd.h">
      <Filter>Common</Filter>
    </ClInclude>
    <ClInclude Include="C:\Users\iamvf\Desktop\assimp5_binaries_ubuntu_16_04\assimp-5.0.1\include\assimp\DefaultLogger.hpp">
      <Filter>Logging</Filter>
    </ClInclude>
    <ClInclude Include="C:\Users\iamvf\Desktop\assimp5_binaries_ubuntu_16_04\assimp-5.0.1\include\assimp\LogStream.hpp">
      <Filter>Logging</Filter>
    </ClInclude>
    <ClInclude Include="C:\Users\iamvf\Desktop\assimp5_binaries_ubuntu_16_04\assimp-5.0.1\include\assimp\Logger.hpp">
      <Filter>Logging</Filter>
    </ClInclude>
    <ClInclude Include="C:\Users\iamvf\Desktop\assimp5_binaries_ubuntu_16_04\assimp-5.0.1\include\assimp\NullLogger.hpp">
      <Filter>Logging</Filter>
    </ClInclude>
    <ClInclude Include="C:\Users\iamvf\Desktop\assimp5_binaries_ubuntu_16_04\assimp-5.0.1\code\Common\Win32DebugLogStream.h">
      <Filter>Logging</Filter>
    </ClInclude>
    <ClInclude Include="C:\Users\iamvf\Desktop\assimp5_binaries_ubuntu_16_04\assimp-5.0.1\code\Common\FileLogStream.h">
      <Filter>Logging</Filter>
    </ClInclude>
    <ClInclude Include="C:\Users\iamvf\Desktop\assimp5_binaries_ubuntu_16_04\assimp-5.0.1\code\Common\StdOStreamLogStream.h">
      <Filter>Logging</Filter>
    </ClInclude>
    <ClInclude Include="C:\Users\iamvf\Desktop\assimp5_binaries_ubuntu_16_04\assimp-5.0.1\code\PostProcessing\CalcTangentsProcess.h">
      <Filter>PostProcessing</Filter>
    </ClInclude>
    <ClInclude Include="C:\Users\iamvf\Desktop\assimp5_binaries_ubuntu_16_04\assimp-5.0.1\code\PostProcessing\ComputeUVMappingProcess.h">
      <Filter>PostProcessing</Filter>
    </ClInclude>
    <ClInclude Include="C:\Users\iamvf\Desktop\assimp5_binaries_ubuntu_16_04\assimp-5.0.1\code\PostProcessing\ConvertToLHProcess.h">
      <Filter>PostProcessing</Filter>
    </ClInclude>
    <ClInclude Include="C:\Users\iamvf\Desktop\assimp5_binaries_ubuntu_16_04\assimp-5.0.1\code\PostProcessing\EmbedTexturesProcess.h">
      <Filter>PostProcessing</Filter>
    </ClInclude>
    <ClInclude Include="C:\Users\iamvf\Desktop\assimp5_binaries_ubuntu_16_04\assimp-5.0.1\code\PostProcessing\FindDegenerates.h">
      <Filter>PostProcessing</Filter>
    </ClInclude>
    <ClInclude Include="C:\Users\iamvf\Desktop\assimp5_binaries_ubuntu_16_04\assimp-5.0.1\code\PostProcessing\FindInstancesProcess.h">
      <Filter>PostProcessing</Filter>
    </ClInclude>
    <ClInclude Include="C:\Users\iamvf\Desktop\assimp5_binaries_ubuntu_16_04\assimp-5.0.1\code\PostProcessing\FindInvalidDataProcess.h">
      <Filter>PostProcessing</Filter>
    </ClInclude>
    <ClInclude Include="C:\Users\iamvf\Desktop\assimp5_binaries_ubuntu_16_04\assimp-5.0.1\code\PostProcessing\FixNormalsStep.h">
      <Filter>PostProcessing</Filter>
    </ClInclude>
    <ClInclude Include="C:\Users\iamvf\Desktop\assimp5_binaries_ubuntu_16_04\assimp-5.0.1\code\PostProcessing\DropFaceNormalsProcess.h">
      <Filter>PostProcessing</Filter>
    </ClInclude>
    <ClInclude Include="C:\Users\iamvf\Desktop\assimp5_binaries_ubuntu_16_04\assimp-5.0.1\code\PostProcessing\GenFaceNormalsProcess.h">
      <Filter>PostProcessing</Filter>
    </ClInclude>
    <ClInclude Include="C:\Users\iamvf\Desktop\assimp5_binaries_ubuntu_16_04\assimp-5.0.1\code\PostProcessing\GenVertexNormalsProcess.h">
      <Filter>PostProcessing</Filter>
    </ClInclude>
    <ClInclude Include="C:\Users\iamvf\Desktop\assimp5_binaries_ubuntu_16_04\assimp-5.0.1\code\PostProcessing\PretransformVertices.h">
      <Filter>PostProcessing</Filter>
    </ClInclude>
    <ClInclude Include="C:\Users\iamvf\Desktop\assimp5_binaries_ubuntu_16_04\assimp-5.0.1\code\PostProcessing\ImproveCacheLocality.h">
      <Filter>PostProcessing</Filter>
    </ClInclude>
    <ClInclude Include="C:\Users\iamvf\Desktop\assimp5_binaries_ubuntu_16_04\assimp-5.0.1\code\PostProcessing\JoinVerticesProcess.h">
      <Filter>PostProcessing</Filter>
    </ClInclude>
    <ClInclude Include="C:\Users\iamvf\Desktop\assimp5_binaries_ubuntu_16_04\assimp-5.0.1\code\PostProcessing\LimitBoneWeightsProcess.h">
      <Filter>PostProcessing</Filter>
    </ClInclude>
    <ClInclude Include="C:\Users\iamvf\Desktop\assimp5_binaries_ubuntu_16_04\assimp-5.0.1\code\PostProcessing\RemoveRedundantMaterials.h">
      <Filter>PostProcessing</Filter>
    </ClInclude>
    <ClInclude Include="C:\Users\iamvf\Desktop\assimp5_binaries_ubuntu_16_04\assimp-5.0.1\code\PostProcessing\RemoveVCProcess.h">
      <Filter>PostProcessing</Filter>
    </ClInclude>
    <ClInclude Include="C:\Users\iamvf\Desktop\assimp5_binaries_ubuntu_16_04\assimp-5.0.1\code\PostProcessing\SortByPTypeProcess.h">
      <Filter>PostProcessing</Filter>
    </ClInclude>
    <ClInclude Include="C:\Users\iamvf\Desktop\assimp5_binaries_ubuntu_16_04\assimp-5.0.1\code\PostProcessing\SplitLargeMeshes.h">
      <Filter>PostProcessing</Filter>
    </ClInclude>
    <ClInclude Include="C:\Users\iamvf\Desktop\assimp5_binaries_ubuntu_16_04\assimp-5.0.1\code\PostProcessing\TextureTransform.h">
      <Filter>PostProcessing</Filter>
    </ClInclude>
    <ClInclude Include="C:\Users\iamvf\Desktop\assimp5_binaries_ubuntu_16_04\assimp-5.0.1\code\PostProcessing\TriangulateProcess.h">
      <Filter>PostProcessing</Filter>
    </ClInclude>
    <ClInclude Include="C:\Users\iamvf\Desktop\assimp5_binaries_ubuntu_16_04\assimp-5.0.1\code\PostProcessing\ValidateDataStructure.h">
      <Filter>PostProcessing</Filter>
    </ClInclude>
    <ClInclude Include="C:\Users\iamvf\Desktop\assimp5_binaries_ubuntu_16_04\assimp-5.0.1\code\PostProcessing\OptimizeGraph.h">
      <Filter>PostProcessing</Filter>
    </ClInclude>
    <ClInclude Include="C:\Users\iamvf\Desktop\assimp5_binaries_ubuntu_16_04\assimp-5.0.1\code\PostProcessing\OptimizeMeshes.h">
      <Filter>PostProcessing</Filter>
    </ClInclude>
    <ClInclude Include="C:\Users\iamvf\Desktop\assimp5_binaries_ubuntu_16_04\assimp-5.0.1\code\PostProcessing\DeboneProcess.h">
      <Filter>PostProcessing</Filter>
    </ClInclude>
    <ClInclude Include="C:\Users\iamvf\Desktop\assimp5_binaries_ubuntu_16_04\assimp-5.0.1\code\PostProcessing\ProcessHelper.h">
      <Filter>PostProcessing</Filter>
    </ClInclude>
    <ClInclude Include="C:\Users\iamvf\Desktop\assimp5_binaries_ubuntu_16_04\assimp-5.0.1\code\PostProcessing\MakeVerboseFormat.h">
      <Filter>PostProcessing</Filter>
    </ClInclude>
    <ClInclude Include="C:\Users\iamvf\Desktop\assimp5_binaries_ubuntu_16_04\assimp-5.0.1\code\PostProcessing\ScaleProcess.h">
      <Filter>PostProcessing</Filter>
    </ClInclude>
    <ClInclude Include="C:\Users\iamvf\Desktop\assimp5_binaries_ubuntu_16_04\assimp-5.0.1\code\PostProcessing\GenBoundingBoxesProcess.h">
      <Filter>PostProcessing</Filter>
    </ClInclude>
    <ClInclude Include="C:\Users\iamvf\Desktop\assimp5_binaries_ubuntu_16_04\assimp-5.0.1\code\Material\MaterialSystem.h">
      <Filter>MaterialSystem</Filter>
    </ClInclude>
    <ClInclude Include="C:\Users\iamvf\Desktop\assimp5_binaries_ubuntu_16_04\assimp-5.0.1\code\Importer\STEPParser\STEPFileReader.h">
      <Filter>STEPParser</Filter>
    </ClInclude>
    <ClInclude Include="C:\Users\iamvf\Desktop\assimp5_binaries_ubuntu_16_04\assimp-5.0.1\code\Importer\STEPParser\STEPFileEncoding.h">
      <Filter>STEPParser</Filter>
    </ClInclude>
    <ClInclude Include="C:\Users\iamvf\Desktop\assimp5_binaries_ubuntu_16_04\assimp-5.0.1\code\AMF\AMFImporter.hpp">
      <Filter>AMF</Filter>
    </ClInclude>
    <ClInclude Include="C:\Users\iamvf\Desktop\assimp5_binaries_ubuntu_16_04\assimp-5.0.1\code\AMF\AMFImporter_Macro.hpp">
      <Filter>AMF</Filter>
    </ClInclude>
    <ClInclude Include="C:\Users\iamvf\Desktop\assimp5_binaries_ubuntu_16_04\assimp-5.0.1\code\AMF\AMFImporter_Node.hpp">
      <Filter>AMF</Filter>
    </ClInclude>
    <ClInclude Include="C:\Users\iamvf\Desktop\assimp5_binaries_ubuntu_16_04\assimp-5.0.1\code\3DS\3DSHelper.h">
      <Filter>3DS</Filter>
    </ClInclude>
    <ClInclude Include="C:\Users\iamvf\Desktop\assimp5_binaries_ubuntu_16_04\assimp-5.0.1\code\3DS\3DSLoader.h">
      <Filter>3DS</Filter>
    </ClInclude>
    <ClInclude Include="C:\Users\iamvf\Desktop\assimp5_binaries_ubuntu_16_04\assimp-5.0.1\code\AC\ACLoader.h">
      <Filter>AC</Filter>
    </ClInclude>
    <ClInclude Include="C:\Users\iamvf\Desktop\assimp5_binaries_ubuntu_16_04\assimp-5.0.1\code\ASE\ASELoader.h">
      <Filter>ASE</Filter>
    </ClInclude>
    <ClInclude Include="C:\Users\iamvf\Desktop\assimp5_binaries_ubuntu_16_04\assimp-5.0.1\code\ASE\ASEParser.h">
      <Filter>ASE</Filter>
    </ClInclude>
    <ClInclude Include="C:\Users\iamvf\Desktop\assimp5_binaries_ubuntu_16_04\assimp-5.0.1\code\Assbin\AssbinLoader.h">
      <Filter>ASSBIN</Filter>
    </ClInclude>
    <ClInclude Include="C:\Users\iamvf\Desktop\assimp5_binaries_ubuntu_16_04\assimp-5.0.1\code\B3D\B3DImporter.h">
      <Filter>B3D</Filter>
    </ClInclude>
    <ClInclude Include="C:\Users\iamvf\Desktop\assimp5_binaries_ubuntu_16_04\assimp-5.0.1\code\BVH\BVHLoader.h">
      <Filter>BVH</Filter>
    </ClInclude>
    <ClInclude Include="C:\Users\iamvf\Desktop\assimp5_binaries_ubuntu_16_04\assimp-5.0.1\code\Collada\ColladaHelper.h">
      <Filter>COLLADA</Filter>
    </ClInclude>
    <ClInclude Include="C:\Users\iamvf\Desktop\assimp5_binaries_ubuntu_16_04\assimp-5.0.1\code\Collada\ColladaLoader.h">
      <Filter>COLLADA</Filter>
    </ClInclude>
    <ClInclude Include="C:\Users\iamvf\Desktop\assimp5_binaries_ubuntu_16_04\assimp-5.0.1\code\Collada\ColladaParser.h">
      <Filter>COLLADA</Filter>
    </ClInclude>
    <ClInclude Include="C:\Users\iamvf\Desktop\assimp5_binaries_ubuntu_16_04\assimp-5.0.1\code\DXF\DXFLoader.h">
      <Filter>DXF</Filter>
    </ClInclude>
    <ClInclude Include="C:\Users\iamvf\Desktop\assimp5_binaries_ubuntu_16_04\assimp-5.0.1\code\DXF\DXFHelper.h">
      <Filter>DXF</Filter>
    </ClInclude>
    <ClInclude Include="C:\Users\iamvf\Desktop\assimp5_binaries_ubuntu_16_04\assimp-5.0.1\code\CSM\CSMLoader.h">
      <Filter>CSM</Filter>
    </ClInclude>
    <ClInclude Include="C:\Users\iamvf\Desktop\assimp5_binaries_ubuntu_16_04\assimp-5.0.1\code\HMP\HMPFileData.h">
      <Filter>HMP</Filter>
    </ClInclude>
    <ClInclude Include="C:\Users\iamvf\Desktop\assimp5_binaries_ubuntu_16_04\assimp-5.0.1\code\HMP\HMPLoader.h">
      <Filter>HMP</Filter>
    </ClInclude>
    <ClInclude Include="C:\Users\iamvf\Desktop\assimp5_binaries_ubuntu_16_04\assimp-5.0.1\code\HMP\HalfLifeFileData.h">
      <Filter>HMP</Filter>
    </ClInclude>
    <ClInclude Include="C:\Users\iamvf\Desktop\assimp5_binaries_ubuntu_16_04\assimp-5.0.1\code\Irr\IRRMeshLoader.h">
      <Filter>IRRMESH</Filter>
    </ClInclude>
    <ClInclude Include="C:\Users\iamvf\Desktop\assimp5_binaries_ubuntu_16_04\assimp-5.0.1\code\Irr\IRRShared.h">
      <Filter>IRR</Filter>
    </ClInclude>
    <ClInclude Include="C:\Users\iamvf\Desktop\assimp5_binaries_ubuntu_16_04\assimp-5.0.1\code\Irr\IRRLoader.h">
      <Filter>IRR</Filter>
    </ClInclude>
    <ClInclude Include="C:\Users\iamvf\Desktop\assimp5_binaries_ubuntu_16_04\assimp-5.0.1\code\LWO\LWOAnimation.h">
      <Filter>LWO</Filter>
    </ClInclude>
    <ClInclude Include="C:\Users\iamvf\Desktop\assimp5_binaries_ubuntu_16_04\assimp-5.0.1\code\LWO\LWOFileData.h">
      <Filter>LWO</Filter>
    </ClInclude>
    <ClInclude Include="C:\Users\iamvf\Desktop\assimp5_binaries_ubuntu_16_04\assimp-5.0.1\code\LWO\LWOLoader.h">
      <Filter>LWO</Filter>
    </ClInclude>
    <ClInclude Include="C:\Users\iamvf\Desktop\assimp5_binaries_ubuntu_16_04\assimp-5.0.1\code\LWS\LWSLoader.h">
      <Filter>LWS</Filter>
    </ClInclude>
    <ClInclude Include="C:\Users\iamvf\Desktop\assimp5_binaries_ubuntu_16_04\assimp-5.0.1\code\MD2\MD2FileData.h">
      <Filter>MD2</Filter>
    </ClInclude>
    <ClInclude Include="C:\Users\iamvf\Desktop\assimp5_binaries_ubuntu_16_04\assimp-5.0.1\code\MD2\MD2Loader.h">
      <Filter>MD2</Filter>
    </ClInclude>
    <ClInclude Include="C:\Users\iamvf\Desktop\assimp5_binaries_ubuntu_16_04\assimp-5.0.1\code\MD2\MD2NormalTable.h">
      <Filter>MD2</Filter>
    </ClInclude>
    <ClInclude Include="C:\Users\iamvf\Desktop\assimp5_binaries_ubuntu_16_04\assimp-5.0.1\code\MD3\MD3FileData.h">
      <Filter>MD3</Filter>
    </ClInclude>
    <ClInclude Include="C:\Users\iamvf\Desktop\assimp5_binaries_ubuntu_16_04\assimp-5.0.1\code\MD3\MD3Loader.h">
      <Filter>MD3</Filter>
    </ClInclude>
    <ClInclude Include="C:\Users\iamvf\Desktop\assimp5_binaries_ubuntu_16_04\assimp-5.0.1\code\MD5\MD5Loader.h">
      <Filter>MD5</Filter>
    </ClInclude>
    <ClInclude Include="C:\Users\iamvf\Desktop\assimp5_binaries_ubuntu_16_04\assimp-5.0.1\code\MD5\MD5Parser.h">
      <Filter>MD5</Filter>
    </ClInclude>
    <ClInclude Include="C:\Users\iamvf\Desktop\assimp5_binaries_ubuntu_16_04\assimp-5.0.1\code\MDC\MDCFileData.h">
      <Filter>MDC</Filter>
    </ClInclude>
    <ClInclude Include="C:\Users\iamvf\Desktop\assimp5_binaries_ubuntu_16_04\assimp-5.0.1\code\MDC\MDCLoader.h">
      <Filter>MDC</Filter>
    </ClInclude>
    <ClInclude Include="C:\Users\iamvf\Desktop\assimp5_binaries_ubuntu_16_04\assimp-5.0.1\code\MDC\MDCNormalTable.h">
      <Filter>MDC</Filter>
    </ClInclude>
    <ClInclude Include="C:\Users\iamvf\Desktop\assimp5_binaries_ubuntu_16_04\assimp-5.0.1\code\MDL\MDLDefaultColorMap.h">
      <Filter>MDL</Filter>
    </ClInclude>
    <ClInclude Include="C:\Users\iamvf\Desktop\assimp5_binaries_ubuntu_16_04\assimp-5.0.1\code\MDL\MDLFileData.h">
      <Filter>MDL</Filter>
    </ClInclude>
    <ClInclude Include="C:\Users\iamvf\Desktop\assimp5_binaries_ubuntu_16_04\assimp-5.0.1\code\MDL\MDLLoader.h">
      <Filter>MDL</Filter>
    </ClInclude>
    <ClInclude Include="C:\Users\iamvf\Desktop\assimp5_binaries_ubuntu_16_04\assimp-5.0.1\code\NFF\NFFLoader.h">
      <Filter>NFF</Filter>
    </ClInclude>
    <ClInclude Include="C:\Users\iamvf\Desktop\assimp5_binaries_ubuntu_16_04\assimp-5.0.1\code\NDO\NDOLoader.h">
      <Filter>NDO</Filter>
    </ClInclude>
    <ClInclude Include="C:\Users\iamvf\Desktop\assimp5_binaries_ubuntu_16_04\assimp-5.0.1\code\OFF\OFFLoader.h">
      <Filter>OFF</Filter>
    </ClInclude>
    <ClInclude Include="C:\Users\iamvf\Desktop\assimp5_binaries_ubuntu_16_04\assimp-5.0.1\code\Obj\ObjFileData.h">
      <Filter>OBJ</Filter>
    </ClInclude>
    <ClInclude Include="C:\Users\iamvf\Desktop\assimp5_binaries_ubuntu_16_04\assimp-5.0.1\code\Obj\ObjFileImporter.h">
      <Filter>OBJ</Filter>
    </ClInclude>
    <ClInclude Include="C:\Users\iamvf\Desktop\assimp5_binaries_ubuntu_16_04\assimp-5.0.1\code\Obj\ObjFileMtlImporter.h">
      <Filter>OBJ</Filter>
    </ClInclude>
    <ClInclude Include="C:\Users\iamvf\Desktop\assimp5_binaries_ubuntu_16_04\assimp-5.0.1\code\Obj\ObjFileParser.h">
      <Filter>OBJ</Filter>
    </ClInclude>
    <ClInclude Include="C:\Users\iamvf\Desktop\assimp5_binaries_ubuntu_16_04\assimp-5.0.1\code\Obj\ObjTools.h">
      <Filter>OBJ</Filter>
    </ClInclude>
    <ClInclude Include="C:\Users\iamvf\Desktop\assimp5_binaries_ubuntu_16_04\assimp-5.0.1\code\Ogre\OgreImporter.h">
      <Filter>OGRE</Filter>
    </ClInclude>
    <ClInclude Include="C:\Users\iamvf\Desktop\assimp5_binaries_ubuntu_16_04\assimp-5.0.1\code\Ogre\OgreStructs.h">
      <Filter>OGRE</Filter>
    </ClInclude>
    <ClInclude Include="C:\Users\iamvf\Desktop\assimp5_binaries_ubuntu_16_04\assimp-5.0.1\code\Ogre\OgreParsingUtils.h">
      <Filter>OGRE</Filter>
    </ClInclude>
    <ClInclude Include="C:\Users\iamvf\Desktop\assimp5_binaries_ubuntu_16_04\assimp-5.0.1\code\Ogre\OgreBinarySerializer.h">
      <Filter>OGRE</Filter>
    </ClInclude>
    <ClInclude Include="C:\Users\iamvf\Desktop\assimp5_binaries_ubuntu_16_04\assimp-5.0.1\code\Ogre\OgreXmlSerializer.h">
      <Filter>OGRE</Filter>
    </ClInclude>
    <ClInclude Include="C:\Users\iamvf\Desktop\assimp5_binaries_ubuntu_16_04\assimp-5.0.1\code\OpenGEX\OpenGEXImporter.h">
      <Filter>OPENGEX</Filter>
    </ClInclude>
    <ClInclude Include="C:\Users\iamvf\Desktop\assimp5_binaries_ubuntu_16_04\assimp-5.0.1\code\OpenGEX\OpenGEXStructs.h">
      <Filter>OPENGEX</Filter>
    </ClInclude>
    <ClInclude Include="C:\Users\iamvf\Desktop\assimp5_binaries_ubuntu_16_04\assimp-5.0.1\code\Ply\PlyLoader.h">
      <Filter>PLY</Filter>
    </ClInclude>
    <ClInclude Include="C:\Users\iamvf\Desktop\assimp5_binaries_ubuntu_16_04\assimp-5.0.1\code\Ply\PlyParser.h">
      <Filter>PLY</Filter>
    </ClInclude>
    <ClInclude Include="C:\Users\iamvf\Desktop\assimp5_binaries_ubuntu_16_04\assimp-5.0.1\code\MS3D\MS3DLoader.h">
      <Filter>MS3D</Filter>
    </ClInclude>
    <ClInclude Include="C:\Users\iamvf\Desktop\assimp5_binaries_ubuntu_16_04\assimp-5.0.1\code\COB\COBLoader.h">
      <Filter>COB</Filter>
    </ClInclude>
    <ClInclude Include="C:\Users\iamvf\Desktop\assimp5_binaries_ubuntu_16_04\assimp-5.0.1\code\COB\COBScene.h">
      <Filter>COB</Filter>
    </ClInclude>
    <ClInclude Include="C:\Users\iamvf\Desktop\assimp5_binaries_ubuntu_16_04\assimp-5.0.1\code\Blender\BlenderLoader.h">
      <Filter>BLEND</Filter>
    </ClInclude>
    <ClInclude Include="C:\Users\iamvf\Desktop\assimp5_binaries_ubuntu_16_04\assimp-5.0.1\code\Blender\BlenderDNA.h">
      <Filter>BLEND</Filter>
    </ClInclude>
    <ClInclude Include="C:\Users\iamvf\Desktop\assimp5_binaries_ubuntu_16_04\assimp-5.0.1\code\Blender\BlenderDNA.inl">
      <Filter>BLEND</Filter>
    </ClInclude>
    <ClInclude Include="C:\Users\iamvf\Desktop\assimp5_binaries_ubuntu_16_04\assimp-5.0.1\code\Blender\BlenderScene.h">
      <Filter>BLEND</Filter>
    </ClInclude>
    <ClInclude Include="C:\Users\iamvf\Desktop\assimp5_binaries_ubuntu_16_04\assimp-5.0.1\code\Blender\BlenderSceneGen.h">
      <Filter>BLEND</Filter>
    </ClInclude>
    <ClInclude Include="C:\Users\iamvf\Desktop\assimp5_binaries_ubuntu_16_04\assimp-5.0.1\code\Blender\BlenderIntermediate.h">
      <Filter>BLEND</Filter>
    </ClInclude>
    <ClInclude Include="C:\Users\iamvf\Desktop\assimp5_binaries_ubuntu_16_04\assimp-5.0.1\code\Blender\BlenderModifier.h">
      <Filter>BLEND</Filter>
    </ClInclude>
    <ClInclude Include="C:\Users\iamvf\Desktop\assimp5_binaries_ubuntu_16_04\assimp-5.0.1\code\Blender\BlenderBMesh.h">
      <Filter>BLEND</Filter>
    </ClInclude>
    <ClInclude Include="C:\Users\iamvf\Desktop\assimp5_binaries_ubuntu_16_04\assimp-5.0.1\code\Blender\BlenderTessellator.h">
      <Filter>BLEND</Filter>
    </ClInclude>
    <ClInclude Include="C:\Users\iamvf\Desktop\assimp5_binaries_ubuntu_16_04\assimp-5.0.1\code\Blender\BlenderCustomData.h">
      <Filter>BLEND</Filter>
    </ClInclude>
    <ClInclude Include="C:\Users\iamvf\Desktop\assimp5_binaries_ubuntu_16_04\assimp-5.0.1\code\Importer\IFC\IFCLoader.h">
      <Filter>IFC</Filter>
    </ClInclude>
    <ClInclude Include="C:\Users\iamvf\Desktop\assimp5_binaries_ubuntu_16_04\assimp-5.0.1\code\Importer\IFC\IFCReaderGen_2x3.h">
      <Filter>IFC</Filter>
    </ClInclude>
    <ClInclude Include="C:\Users\iamvf\Desktop\assimp5_binaries_ubuntu_16_04\assimp-5.0.1\code\Importer\IFC\IFCUtil.h">
      <Filter>IFC</Filter>
    </ClInclude>
    <ClInclude Include="C:\Users\iamvf\Desktop\assimp5_binaries_ubuntu_16_04\assimp-5.0.1\code\XGL\XGLLoader.h">
      <Filter>XGL</Filter>
    </ClInclude>
    <ClInclude Include="C:\Users\iamvf\Desktop\assimp5_binaries_ubuntu_16_04\assimp-5.0.1\code\FBX\FBXCompileConfig.h">
      <Filter>FBX</Filter>
    </ClInclude>
    <ClInclude Include="C:\Users\iamvf\Desktop\assimp5_binaries_ubuntu_16_04\assimp-5.0.1\code\FBX\FBXImporter.h">
      <Filter>FBX</Filter>
    </ClInclude>
    <ClInclude Include="C:\Users\iamvf\Desktop\assimp5_binaries_ubuntu_16_04\assimp-5.0.1\code\FBX\FBXParser.h">
      <Filter>FBX</Filter>
    </ClInclude>
    <ClInclude Include="C:\Users\iamvf\Desktop\assimp5_binaries_ubuntu_16_04\assimp-5.0.1\code\FBX\FBXTokenizer.h">
      <Filter>FBX</Filter>
    </ClInclude>
    <ClInclude Include="C:\Users\iamvf\Desktop\assimp5_binaries_ubuntu_16_04\assimp-5.0.1\code\FBX\FBXImportSettings.h">
      <Filter>FBX</Filter>
    </ClInclude>
    <ClInclude Include="C:\Users\iamvf\Desktop\assimp5_binaries_ubuntu_16_04\assimp-5.0.1\code\FBX\FBXConverter.h">
      <Filter>FBX</Filter>
    </ClInclude>
    <ClInclude Include="C:\Users\iamvf\Desktop\assimp5_binaries_ubuntu_16_04\assimp-5.0.1\code\FBX\FBXUtil.h">
      <Filter>FBX</Filter>
    </ClInclude>
    <ClInclude Include="C:\Users\iamvf\Desktop\assimp5_binaries_ubuntu_16_04\assimp-5.0.1\code\FBX\FBXDocument.h">
      <Filter>FBX</Filter>
    </ClInclude>
    <ClInclude Include="C:\Users\iamvf\Desktop\assimp5_binaries_ubuntu_16_04\assimp-5.0.1\code\FBX\FBXProperties.h">
      <Filter>FBX</Filter>
    </ClInclude>
    <ClInclude Include="C:\Users\iamvf\Desktop\assimp5_binaries_ubuntu_16_04\assimp-5.0.1\code\FBX\FBXMeshGeometry.h">
      <Filter>FBX</Filter>
    </ClInclude>
    <ClInclude Include="C:\Users\iamvf\Desktop\assimp5_binaries_ubuntu_16_04\assimp-5.0.1\code\FBX\FBXCommon.h">
      <Filter>FBX</Filter>
    </ClInclude>
    <ClInclude Include="C:\Users\iamvf\Desktop\assimp5_binaries_ubuntu_16_04\assimp-5.0.1\code\Q3D\Q3DLoader.h">
      <Filter>Q3D</Filter>
    </ClInclude>
    <ClInclude Include="C:\Users\iamvf\Desktop\assimp5_binaries_ubuntu_16_04\assimp-5.0.1\code\Q3BSP\Q3BSPFileData.h">
      <Filter>Q3BSP</Filter>
    </ClInclude>
    <ClInclude Include="C:\Users\iamvf\Desktop\assimp5_binaries_ubuntu_16_04\assimp-5.0.1\code\Q3BSP\Q3BSPFileParser.h">
      <Filter>Q3BSP</Filter>
    </ClInclude>
    <ClInclude Include="C:\Users\iamvf\Desktop\assimp5_binaries_ubuntu_16_04\assimp-5.0.1\code\Q3BSP\Q3BSPFileImporter.h">
      <Filter>Q3BSP</Filter>
    </ClInclude>
    <ClInclude Include="C:\Users\iamvf\Desktop\assimp5_binaries_ubuntu_16_04\assimp-5.0.1\code\Raw\RawLoader.h">
      <Filter>RAW</Filter>
    </ClInclude>
    <ClInclude Include="C:\Users\iamvf\Desktop\assimp5_binaries_ubuntu_16_04\assimp-5.0.1\code\SIB\SIBImporter.h">
      <Filter>SIB</Filter>
    </ClInclude>
    <ClInclude Include="C:\Users\iamvf\Desktop\assimp5_binaries_ubuntu_16_04\assimp-5.0.1\code\SMD\SMDLoader.h">
      <Filter>SMD</Filter>
    </ClInclude>
    <ClInclude Include="C:\Users\iamvf\Desktop\assimp5_binaries_ubuntu_16_04\assimp-5.0.1\code\STL\STLLoader.h">
      <Filter>STL</Filter>
    </ClInclude>
    <ClInclude Include="C:\Users\iamvf\Desktop\assimp5_binaries_ubuntu_16_04\assimp-5.0.1\code\Terragen\TerragenLoader.h">
      <Filter>TERRAGEN</Filter>
    </ClInclude>
    <ClInclude Include="C:\Users\iamvf\Desktop\assimp5_binaries_ubuntu_16_04\assimp-5.0.1\code\Unreal\UnrealLoader.h">
      <Filter>3D</Filter>
    </ClInclude>
    <ClInclude Include="C:\Users\iamvf\Desktop\assimp5_binaries_ubuntu_16_04\assimp-5.0.1\code\X\XFileHelper.h">
      <Filter>X</Filter>
    </ClInclude>
    <ClInclude Include="C:\Users\iamvf\Desktop\assimp5_binaries_ubuntu_16_04\assimp-5.0.1\code\X\XFileImporter.h">
      <Filter>X</Filter>
    </ClInclude>
    <ClInclude Include="C:\Users\iamvf\Desktop\assimp5_binaries_ubuntu_16_04\assimp-5.0.1\code\X\XFileParser.h">
      <Filter>X</Filter>
    </ClInclude>
    <ClInclude Include="C:\Users\iamvf\Desktop\assimp5_binaries_ubuntu_16_04\assimp-5.0.1\code\X3D\X3DImporter.hpp">
      <Filter>X3D</Filter>
    </ClInclude>
    <ClInclude Include="C:\Users\iamvf\Desktop\assimp5_binaries_ubuntu_16_04\assimp-5.0.1\code\X3D\X3DImporter_Macro.hpp">
      <Filter>X3D</Filter>
    </ClInclude>
    <ClInclude Include="C:\Users\iamvf\Desktop\assimp5_binaries_ubuntu_16_04\assimp-5.0.1\code\X3D\X3DImporter_Node.hpp">
      <Filter>X3D</Filter>
    </ClInclude>
    <ClInclude Include="C:\Users\iamvf\Desktop\assimp5_binaries_ubuntu_16_04\assimp-5.0.1\code\X3D\FIReader.hpp">
      <Filter>X3D</Filter>
    </ClInclude>
    <ClInclude Include="C:\Users\iamvf\Desktop\assimp5_binaries_ubuntu_16_04\assimp-5.0.1\code\glTF\glTFCommon.h">
      <Filter>GLTF</Filter>
    </ClInclude>
    <ClInclude Include="C:\Users\iamvf\Desktop\assimp5_binaries_ubuntu_16_04\assimp-5.0.1\code\glTF\glTFAsset.h">
      <Filter>GLTF</Filter>
    </ClInclude>
    <ClInclude Include="C:\Users\iamvf\Desktop\assimp5_binaries_ubuntu_16_04\assimp-5.0.1\code\glTF\glTFAsset.inl">
      <Filter>GLTF</Filter>
    </ClInclude>
    <ClInclude Include="C:\Users\iamvf\Desktop\assimp5_binaries_ubuntu_16_04\assimp-5.0.1\code\glTF\glTFAssetWriter.h">
      <Filter>GLTF</Filter>
    </ClInclude>
    <ClInclude Include="C:\Users\iamvf\Desktop\assimp5_binaries_ubuntu_16_04\assimp-5.0.1\code\glTF\glTFAssetWriter.inl">
      <Filter>GLTF</Filter>
    </ClInclude>
    <ClInclude Include="C:\Users\iamvf\Desktop\assimp5_binaries_ubuntu_16_04\assimp-5.0.1\code\glTF\glTFImporter.h">
      <Filter>GLTF</Filter>
    </ClInclude>
    <ClInclude Include="C:\Users\iamvf\Desktop\assimp5_binaries_ubuntu_16_04\assimp-5.0.1\code\glTF2\glTF2Asset.h">
      <Filter>GLTF</Filter>
    </ClInclude>
    <ClInclude Include="C:\Users\iamvf\Desktop\assimp5_binaries_ubuntu_16_04\assimp-5.0.1\code\glTF2\glTF2Asset.inl">
      <Filter>GLTF</Filter>
    </ClInclude>
    <ClInclude Include="C:\Users\iamvf\Desktop\assimp5_binaries_ubuntu_16_04\assimp-5.0.1\code\glTF2\glTF2AssetWriter.h">
      <Filter>GLTF</Filter>
    </ClInclude>
    <ClInclude Include="C:\Users\iamvf\Desktop\assimp5_binaries_ubuntu_16_04\assimp-5.0.1\code\glTF2\glTF2AssetWriter.inl">
      <Filter>GLTF</Filter>
    </ClInclude>
    <ClInclude Include="C:\Users\iamvf\Desktop\assimp5_binaries_ubuntu_16_04\assimp-5.0.1\code\glTF2\glTF2Importer.h">
      <Filter>GLTF</Filter>
    </ClInclude>
    <ClInclude Include="C:\Users\iamvf\Desktop\assimp5_binaries_ubuntu_16_04\assimp-5.0.1\code\3MF\D3MFImporter.h">
      <Filter>3MF</Filter>
    </ClInclude>
    <ClInclude Include="C:\Users\iamvf\Desktop\assimp5_binaries_ubuntu_16_04\assimp-5.0.1\code\3MF\D3MFOpcPackage.h">
      <Filter>3MF</Filter>
    </ClInclude>
    <ClInclude Include="C:\Users\iamvf\Desktop\assimp5_binaries_ubuntu_16_04\assimp-5.0.1\code\3MF\3MFXmlTags.h">
      <Filter>3MF</Filter>
    </ClInclude>
    <ClInclude Include="C:\Users\iamvf\Desktop\assimp5_binaries_ubuntu_16_04\assimp-5.0.1\code\MMD\MMDCpp14.h">
      <Filter>MMD</Filter>
    </ClInclude>
    <ClInclude Include="C:\Users\iamvf\Desktop\assimp5_binaries_ubuntu_16_04\assimp-5.0.1\code\MMD\MMDImporter.h">
      <Filter>MMD</Filter>
    </ClInclude>
    <ClInclude Include="C:\Users\iamvf\Desktop\assimp5_binaries_ubuntu_16_04\assimp-5.0.1\code\MMD\MMDPmdParser.h">
      <Filter>MMD</Filter>
    </ClInclude>
    <ClInclude Include="C:\Users\iamvf\Desktop\assimp5_binaries_ubuntu_16_04\assimp-5.0.1\code\MMD\MMDPmxParser.h">
      <Filter>MMD</Filter>
    </ClInclude>
    <ClInclude Include="C:\Users\iamvf\Desktop\assimp5_binaries_ubuntu_16_04\assimp-5.0.1\code\MMD\MMDVmdParser.h">
      <Filter>MMD</Filter>
    </ClInclude>
    <ClInclude Include="C:\Users\iamvf\Desktop\assimp5_binaries_ubuntu_16_04\assimp-5.0.1\code\Step\STEPFile.h">
      <Filter>STEP</Filter>
    </ClInclude>
    <ClInclude Include="C:\Users\iamvf\Desktop\assimp5_binaries_ubuntu_16_04\assimp-5.0.1\code\Importer\StepFile\StepFileImporter.h">
      <Filter>STEP</Filter>
    </ClInclude>
    <ClInclude Include="C:\Users\iamvf\Desktop\assimp5_binaries_ubuntu_16_04\assimp-5.0.1\code\Importer\StepFile\StepReaderGen.h">
      <Filter>STEP</Filter>
    </ClInclude>
    <ClInclude Include="C:\Users\iamvf\Desktop\assimp5_binaries_ubuntu_16_04\assimp-5.0.1\include\assimp\irrXMLWrapper.h">
      <Filter>IrrXML</Filter>
    </ClInclude>
    <ClInclude Include="C:\Users\iamvf\Desktop\assimp5_binaries_ubuntu_16_04\assimp-5.0.1\include\assimp\anim.h">
      <Filter>Header Files</Filter>
    </ClInclude>
    <ClInclude Include="C:\Users\iamvf\Desktop\assimp5_binaries_ubuntu_16_04\assimp-5.0.1\include\assimp\aabb.h">
      <Filter>Header Files</Filter>
    </ClInclude>
    <ClInclude Include="C:\Users\iamvf\Desktop\assimp5_binaries_ubuntu_16_04\assimp-5.0.1\include\assimp\ai_assert.h">
      <Filter>Header Files</Filter>
    </ClInclude>
    <ClInclude Include="C:\Users\iamvf\Desktop\assimp5_binaries_ubuntu_16_04\assimp-5.0.1\include\assimp\camera.h">
      <Filter>Header Files</Filter>
    </ClInclude>
    <ClInclude Include="C:\Users\iamvf\Desktop\assimp5_binaries_ubuntu_16_04\assimp-5.0.1\include\assimp\color4.h">
      <Filter>Header Files</Filter>
    </ClInclude>
    <ClInclude Include="C:\Users\iamvf\Desktop\assimp5_binaries_ubuntu_16_04\assimp-5.0.1\include\assimp\color4.inl">
      <Filter>Header Files</Filter>
    </ClInclude>
    <ClInclude Include="C:\Users\iamvf\Desktop\assimp5_binaries_ubuntu_16_04\assimp-5.0.1\build_windows10\include\assimp\config.h">
      <Filter>Header Files</Filter>
    </ClInclude>
    <ClInclude Include="C:\Users\iamvf\Desktop\assimp5_binaries_ubuntu_16_04\assimp-5.0.1\include\assimp\defs.h">
      <Filter>Header Files</Filter>
    </ClInclude>
    <ClInclude Include="C:\Users\iamvf\Desktop\assimp5_binaries_ubuntu_16_04\assimp-5.0.1\include\assimp\Defines.h">
      <Filter>Header Files</Filter>
    </ClInclude>
    <ClInclude Include="C:\Users\iamvf\Desktop\assimp5_binaries_ubuntu_16_04\assimp-5.0.1\include\assimp\cfileio.h">
      <Filter>Header Files</Filter>
    </ClInclude>
    <ClInclude Include="C:\Users\iamvf\Desktop\assimp5_binaries_ubuntu_16_04\assimp-5.0.1\include\assimp\light.h">
      <Filter>Header Files</Filter>
    </ClInclude>
    <ClInclude Include="C:\Users\iamvf\Desktop\assimp5_binaries_ubuntu_16_04\assimp-5.0.1\include\assimp\material.h">
      <Filter>Header Files</Filter>
    </ClInclude>
    <ClInclude Include="C:\Users\iamvf\Desktop\assimp5_binaries_ubuntu_16_04\assimp-5.0.1\include\assimp\material.inl">
      <Filter>Header Files</Filter>
    </ClInclude>
    <ClInclude Include="C:\Users\iamvf\Desktop\assimp5_binaries_ubuntu_16_04\assimp-5.0.1\include\assimp\matrix3x3.h">
      <Filter>Header Files</Filter>
    </ClInclude>
    <ClInclude Include="C:\Users\iamvf\Desktop\assimp5_binaries_ubuntu_16_04\assimp-5.0.1\include\assimp\matrix3x3.inl">
      <Filter>Header Files</Filter>
    </ClInclude>
    <ClInclude Include="C:\Users\iamvf\Desktop\assimp5_binaries_ubuntu_16_04\assimp-5.0.1\include\assimp\matrix4x4.h">
      <Filter>Header Files</Filter>
    </ClInclude>
    <ClInclude Include="C:\Users\iamvf\Desktop\assimp5_binaries_ubuntu_16_04\assimp-5.0.1\include\assimp\matrix4x4.inl">
      <Filter>Header Files</Filter>
    </ClInclude>
    <ClInclude Include="C:\Users\iamvf\Desktop\assimp5_binaries_ubuntu_16_04\assimp-5.0.1\include\assimp\mesh.h">
      <Filter>Header Files</Filter>
    </ClInclude>
    <ClInclude Include="C:\Users\iamvf\Desktop\assimp5_binaries_ubuntu_16_04\assimp-5.0.1\include\assimp\pbrmaterial.h">
      <Filter>Header Files</Filter>
    </ClInclude>
    <ClInclude Include="C:\Users\iamvf\Desktop\assimp5_binaries_ubuntu_16_04\assimp-5.0.1\include\assimp\postprocess.h">
      <Filter>Header Files</Filter>
    </ClInclude>
    <ClInclude Include="C:\Users\iamvf\Desktop\assimp5_binaries_ubuntu_16_04\assimp-5.0.1\include\assimp\quaternion.h">
      <Filter>Header Files</Filter>
    </ClInclude>
    <ClInclude Include="C:\Users\iamvf\Desktop\assimp5_binaries_ubuntu_16_04\assimp-5.0.1\include\assimp\quaternion.inl">
      <Filter>Header Files</Filter>
    </ClInclude>
    <ClInclude Include="C:\Users\iamvf\Desktop\assimp5_binaries_ubuntu_16_04\assimp-5.0.1\include\assimp\scene.h">
      <Filter>Header Files</Filter>
    </ClInclude>
    <ClInclude Include="C:\Users\iamvf\Desktop\assimp5_binaries_ubuntu_16_04\assimp-5.0.1\include\assimp\metadata.h">
      <Filter>Header Files</Filter>
    </ClInclude>
    <ClInclude Include="C:\Users\iamvf\Desktop\assimp5_binaries_ubuntu_16_04\assimp-5.0.1\include\assimp\texture.h">
      <Filter>Header Files</Filter>
    </ClInclude>
    <ClInclude Include="C:\Users\iamvf\Desktop\assimp5_binaries_ubuntu_16_04\assimp-5.0.1\include\assimp\types.h">
      <Filter>Header Files</Filter>
    </ClInclude>
    <ClInclude Include="C:\Users\iamvf\Desktop\assimp5_binaries_ubuntu_16_04\assimp-5.0.1\include\assimp\vector2.h">
      <Filter>Header Files</Filter>
    </ClInclude>
    <ClInclude Include="C:\Users\iamvf\Desktop\assimp5_binaries_ubuntu_16_04\assimp-5.0.1\include\assimp\vector2.inl">
      <Filter>Header Files</Filter>
    </ClInclude>
    <ClInclude Include="C:\Users\iamvf\Desktop\assimp5_binaries_ubuntu_16_04\assimp-5.0.1\include\assimp\vector3.h">
      <Filter>Header Files</Filter>
    </ClInclude>
    <ClInclude Include="C:\Users\iamvf\Desktop\assimp5_binaries_ubuntu_16_04\assimp-5.0.1\include\assimp\vector3.inl">
      <Filter>Header Files</Filter>
    </ClInclude>
    <ClInclude Include="C:\Users\iamvf\Desktop\assimp5_binaries_ubuntu_16_04\assimp-5.0.1\include\assimp\version.h">
      <Filter>Header Files</Filter>
    </ClInclude>
    <ClInclude Include="C:\Users\iamvf\Desktop\assimp5_binaries_ubuntu_16_04\assimp-5.0.1\include\assimp\cimport.h">
      <Filter>Header Files</Filter>
    </ClInclude>
    <ClInclude Include="C:\Users\iamvf\Desktop\assimp5_binaries_ubuntu_16_04\assimp-5.0.1\include\assimp\importerdesc.h">
      <Filter>Header Files</Filter>
    </ClInclude>
    <ClInclude Include="C:\Users\iamvf\Desktop\assimp5_binaries_ubuntu_16_04\assimp-5.0.1\include\assimp\Importer.hpp">
      <Filter>Header Files</Filter>
    </ClInclude>
    <ClInclude Include="C:\Users\iamvf\Desktop\assimp5_binaries_ubuntu_16_04\assimp-5.0.1\include\assimp\ProgressHandler.hpp">
      <Filter>Header Files</Filter>
    </ClInclude>
    <ClInclude Include="C:\Users\iamvf\Desktop\assimp5_binaries_ubuntu_16_04\assimp-5.0.1\include\assimp\IOStream.hpp">
      <Filter>Header Files</Filter>
    </ClInclude>
    <ClInclude Include="C:\Users\iamvf\Desktop\assimp5_binaries_ubuntu_16_04\assimp-5.0.1\include\assimp\IOSystem.hpp">
      <Filter>Header Files</Filter>
    </ClInclude>
    <ClInclude Include="C:\Users\iamvf\Desktop\assimp5_binaries_ubuntu_16_04\assimp-5.0.1\include\assimp\cexport.h">
      <Filter>Header Files</Filter>
    </ClInclude>
    <ClInclude Include="C:\Users\iamvf\Desktop\assimp5_binaries_ubuntu_16_04\assimp-5.0.1\include\assimp\Exporter.hpp">
      <Filter>Header Files</Filter>
    </ClInclude>
    <ClInclude Include="C:\Users\iamvf\Desktop\assimp5_binaries_ubuntu_16_04\assimp-5.0.1\include\assimp\DefaultIOStream.h">
      <Filter>Header Files</Filter>
    </ClInclude>
    <ClInclude Include="C:\Users\iamvf\Desktop\assimp5_binaries_ubuntu_16_04\assimp-5.0.1\include\assimp\DefaultIOSystem.h">
      <Filter>Header Files</Filter>
    </ClInclude>
    <ClInclude Include="C:\Users\iamvf\Desktop\assimp5_binaries_ubuntu_16_04\assimp-5.0.1\include\assimp\ZipArchiveIOSystem.h">
      <Filter>Header Files</Filter>
    </ClInclude>
    <ClInclude Include="C:\Users\iamvf\Desktop\assimp5_binaries_ubuntu_16_04\assimp-5.0.1\include\assimp\SceneCombiner.h">
      <Filter>Header Files</Filter>
    </ClInclude>
    <ClInclude Include="C:\Users\iamvf\Desktop\assimp5_binaries_ubuntu_16_04\assimp-5.0.1\include\assimp\fast_atof.h">
      <Filter>Header Files</Filter>
    </ClInclude>
    <ClInclude Include="C:\Users\iamvf\Desktop\assimp5_binaries_ubuntu_16_04\assimp-5.0.1\include\assimp\qnan.h">
      <Filter>Header Files</Filter>
    </ClInclude>
    <ClInclude Include="C:\Users\iamvf\Desktop\assimp5_binaries_ubuntu_16_04\assimp-5.0.1\include\assimp\BaseImporter.h">
      <Filter>Header Files</Filter>
    </ClInclude>
    <ClInclude Include="C:\Users\iamvf\Desktop\assimp5_binaries_ubuntu_16_04\assimp-5.0.1\include\assimp\Hash.h">
      <Filter>Header Files</Filter>
    </ClInclude>
    <ClInclude Include="C:\Users\iamvf\Desktop\assimp5_binaries_ubuntu_16_04\assimp-5.0.1\include\assimp\MemoryIOWrapper.h">
      <Filter>Header Files</Filter>
    </ClInclude>
    <ClInclude Include="C:\Users\iamvf\Desktop\assimp5_binaries_ubuntu_16_04\assimp-5.0.1\include\assimp\ParsingUtils.h">
      <Filter>Header Files</Filter>
    </ClInclude>
    <ClInclude Include="C:\Users\iamvf\Desktop\assimp5_binaries_ubuntu_16_04\assimp-5.0.1\include\assimp\StreamReader.h">
      <Filter>Header Files</Filter>
    </ClInclude>
    <ClInclude Include="C:\Users\iamvf\Desktop\assimp5_binaries_ubuntu_16_04\assimp-5.0.1\include\assimp\StreamWriter.h">
      <Filter>Header Files</Filter>
    </ClInclude>
    <ClInclude Include="C:\Users\iamvf\Desktop\assimp5_binaries_ubuntu_16_04\assimp-5.0.1\include\assimp\StringComparison.h">
      <Filter>Header Files</Filter>
    </ClInclude>
    <ClInclude Include="C:\Users\iamvf\Desktop\assimp5_binaries_ubuntu_16_04\assimp-5.0.1\include\assimp\StringUtils.h">
      <Filter>Header Files</Filter>
    </ClInclude>
    <ClInclude Include="C:\Users\iamvf\Desktop\assimp5_binaries_ubuntu_16_04\assimp-5.0.1\include\assimp\SGSpatialSort.h">
      <Filter>Header Files</Filter>
    </ClInclude>
    <ClInclude Include="C:\Users\iamvf\Desktop\assimp5_binaries_ubuntu_16_04\assimp-5.0.1\include\assimp\GenericProperty.h">
      <Filter>Header Files</Filter>
    </ClInclude>
    <ClInclude Include="C:\Users\iamvf\Desktop\assimp5_binaries_ubuntu_16_04\assimp-5.0.1\include\assimp\SpatialSort.h">
      <Filter>Header Files</Filter>
    </ClInclude>
    <ClInclude Include="C:\Users\iamvf\Desktop\assimp5_binaries_ubuntu_16_04\assimp-5.0.1\include\assimp\SkeletonMeshBuilder.h">
      <Filter>Header Files</Filter>
    </ClInclude>
    <ClInclude Include="C:\Users\iamvf\Desktop\assimp5_binaries_ubuntu_16_04\assimp-5.0.1\include\assimp\SmoothingGroups.h">
      <Filter>Header Files</Filter>
    </ClInclude>
    <ClInclude Include="C:\Users\iamvf\Desktop\assimp5_binaries_ubuntu_16_04\assimp-5.0.1\include\assimp\SmoothingGroups.inl">
      <Filter>Header Files</Filter>
    </ClInclude>
    <ClInclude Include="C:\Users\iamvf\Desktop\assimp5_binaries_ubuntu_16_04\assimp-5.0.1\include\assimp\StandardShapes.h">
      <Filter>Header Files</Filter>
    </ClInclude>
    <ClInclude Include="C:\Users\iamvf\Desktop\assimp5_binaries_ubuntu_16_04\assimp-5.0.1\include\assimp\RemoveComments.h">
      <Filter>Header Files</Filter>
    </ClInclude>
    <ClInclude Include="C:\Users\iamvf\Desktop\assimp5_binaries_ubuntu_16_04\assimp-5.0.1\include\assimp\Subdivision.h">
      <Filter>Header Files</Filter>
    </ClInclude>
    <ClInclude Include="C:\Users\iamvf\Desktop\assimp5_binaries_ubuntu_16_04\assimp-5.0.1\include\assimp\Vertex.h">
      <Filter>Header Files</Filter>
    </ClInclude>
    <ClInclude Include="C:\Users\iamvf\Desktop\assimp5_binaries_ubuntu_16_04\assimp-5.0.1\include\assimp\LineSplitter.h">
      <Filter>Header Files</Filter>
    </ClInclude>
    <ClInclude Include="C:\Users\iamvf\Desktop\assimp5_binaries_ubuntu_16_04\assimp-5.0.1\include\assimp\TinyFormatter.h">
      <Filter>Header Files</Filter>
    </ClInclude>
    <ClInclude Include="C:\Users\iamvf\Desktop\assimp5_binaries_ubuntu_16_04\assimp-5.0.1\include\assimp\Profiler.h">
      <Filter>Header Files</Filter>
    </ClInclude>
    <ClInclude Include="C:\Users\iamvf\Desktop\assimp5_binaries_ubuntu_16_04\assimp-5.0.1\include\assimp\LogAux.h">
      <Filter>Header Files</Filter>
    </ClInclude>
    <ClInclude Include="C:\Users\iamvf\Desktop\assimp5_binaries_ubuntu_16_04\assimp-5.0.1\include\assimp\Bitmap.h">
      <Filter>Header Files</Filter>
    </ClInclude>
    <ClInclude Include="C:\Users\iamvf\Desktop\assimp5_binaries_ubuntu_16_04\assimp-5.0.1\include\assimp\XMLTools.h">
      <Filter>Header Files</Filter>
    </ClInclude>
    <ClInclude Include="C:\Users\iamvf\Desktop\assimp5_binaries_ubuntu_16_04\assimp-5.0.1\include\assimp\IOStreamBuffer.h">
      <Filter>Header Files</Filter>
    </ClInclude>
    <ClInclude Include="C:\Users\iamvf\Desktop\assimp5_binaries_ubuntu_16_04\assimp-5.0.1\include\assimp\CreateAnimMesh.h">
      <Filter>Header Files</Filter>
    </ClInclude>
    <ClInclude Include="C:\Users\iamvf\Desktop\assimp5_binaries_ubuntu_16_04\assimp-5.0.1\include\assimp\BlobIOSystem.h">
      <Filter>Header Files</Filter>
    </ClInclude>
    <ClInclude Include="C:\Users\iamvf\Desktop\assimp5_binaries_ubuntu_16_04\assimp-5.0.1\include\assimp\MathFunctions.h">
      <Filter>Header Files</Filter>
    </ClInclude>
    <ClInclude Include="C:\Users\iamvf\Desktop\assimp5_binaries_ubuntu_16_04\assimp-5.0.1\include\assimp\Macros.h">
      <Filter>Header Files</Filter>
    </ClInclude>
    <ClInclude Include="C:\Users\iamvf\Desktop\assimp5_binaries_ubuntu_16_04\assimp-5.0.1\include\assimp\Exceptional.h">
      <Filter>Header Files</Filter>
    </ClInclude>
    <ClInclude Include="C:\Users\iamvf\Desktop\assimp5_binaries_ubuntu_16_04\assimp-5.0.1\include\assimp\ByteSwapper.h">
      <Filter>Header Files</Filter>
    </ClInclude>
    <ClInclude Include="C:\Users\iamvf\Desktop\assimp5_binaries_ubuntu_16_04\assimp-5.0.1\include\assimp\Compiler\pushpack1.h">
      <Filter>Compiler</Filter>
    </ClInclude>
    <ClInclude Include="C:\Users\iamvf\Desktop\assimp5_binaries_ubuntu_16_04\assimp-5.0.1\include\assimp\Compiler\poppack1.h">
      <Filter>Compiler</Filter>
    </ClInclude>
    <ClInclude Include="C:\Users\iamvf\Desktop\assimp5_binaries_ubuntu_16_04\assimp-5.0.1\include\assimp\Compiler\pstdint.h">
      <Filter>Compiler</Filter>
    </ClInclude>
  </ItemGroup>
  <ItemGroup>
    <CustomBuild Include="C:\Users\iamvf\Desktop\assimp5_binaries_ubuntu_16_04\assimp-5.0.1\code\CMakeLists.txt" />
  </ItemGroup>
  <ItemGroup>
    <Filter Include="3D">
      <UniqueIdentifier>{0F1668B0-EDA1-3A5B-B75E-FA05A98B1E02}</UniqueIdentifier>
    </Filter>
    <Filter Include="3DS">
      <UniqueIdentifier>{05BF7F34-A791-31A4-9889-D5CB2276E5A5}</UniqueIdentifier>
    </Filter>
    <Filter Include="3MF">
      <UniqueIdentifier>{861F6A2F-D770-33BB-917B-3FB7A9BF862E}</UniqueIdentifier>
    </Filter>
    <Filter Include="AC">
      <UniqueIdentifier>{E7BFE9E4-3A96-379E-B430-B1914336949C}</UniqueIdentifier>
    </Filter>
    <Filter Include="AMF">
      <UniqueIdentifier>{4B94E6E3-3307-32EB-A56D-DF2D9A410775}</UniqueIdentifier>
    </Filter>
    <Filter Include="ASE">
      <UniqueIdentifier>{29CCF2BB-00C1-3920-873C-07B6E3E743CF}</UniqueIdentifier>
    </Filter>
    <Filter Include="ASSBIN">
      <UniqueIdentifier>{D6504F01-1AC8-3EE3-9512-4D12D75AE4DD}</UniqueIdentifier>
    </Filter>
    <Filter Include="B3D">
      <UniqueIdentifier>{21D6E05D-D9D6-3481-871A-1972EC71B456}</UniqueIdentifier>
    </Filter>
    <Filter Include="BLEND">
      <UniqueIdentifier>{1AB89E8A-E67F-30F0-8A79-FD208E42991E}</UniqueIdentifier>
    </Filter>
    <Filter Include="BVH">
      <UniqueIdentifier>{82114C3E-6D42-306A-B151-61F8529B9C69}</UniqueIdentifier>
    </Filter>
    <Filter Include="CApi">
      <UniqueIdentifier>{ABC11A50-C4CC-3344-AC65-2B8B478881E1}</UniqueIdentifier>
    </Filter>
    <Filter Include="COB">
      <UniqueIdentifier>{9E18D81E-94DA-3844-8620-C2A81A3EF4DC}</UniqueIdentifier>
    </Filter>
    <Filter Include="COLLADA">
      <UniqueIdentifier>{BB1861B0-F2ED-3FFD-80BC-0717905867FF}</UniqueIdentifier>
    </Filter>
    <Filter Include="CSM">
      <UniqueIdentifier>{2141130F-307B-3949-9F3E-44F37AE17E57}</UniqueIdentifier>
    </Filter>
    <Filter Include="Common">
      <UniqueIdentifier>{47C06D25-39E0-360E-B18C-4FB47F4CF215}</UniqueIdentifier>
    </Filter>
    <Filter Include="Compiler">
      <UniqueIdentifier>{2D9066CA-BEA6-3F22-803A-7081B16AC5FC}</UniqueIdentifier>
    </Filter>
    <Filter Include="DXF">
      <UniqueIdentifier>{08D9E668-835E-3B09-AC20-CF3470D62C02}</UniqueIdentifier>
    </Filter>
    <Filter Include="FBX">
      <UniqueIdentifier>{2333C205-384F-3E4D-BA08-503BB8B843BE}</UniqueIdentifier>
    </Filter>
    <Filter Include="GLTF">
      <UniqueIdentifier>{B4298585-1EBB-3F9A-9586-06367B62357F}</UniqueIdentifier>
    </Filter>
    <Filter Include="HMP">
      <UniqueIdentifier>{F9CCFF79-3968-3FC5-B17E-B95298E0A9ED}</UniqueIdentifier>
    </Filter>
    <Filter Include="Header Files">
      <UniqueIdentifier>{44AA56BC-E82F-3036-913E-A323BC63342B}</UniqueIdentifier>
    </Filter>
    <Filter Include="IFC">
      <UniqueIdentifier>{74257F63-C634-3210-97DB-CD9A13612011}</UniqueIdentifier>
    </Filter>
    <Filter Include="IRR">
      <UniqueIdentifier>{C4C0B62B-809B-3CC8-AFB1-30732D1C44D5}</UniqueIdentifier>
    </Filter>
    <Filter Include="IRRMESH">
      <UniqueIdentifier>{D46B605B-0616-3C59-AA9F-80DBBA75170F}</UniqueIdentifier>
    </Filter>
    <Filter Include="IrrXML">
      <UniqueIdentifier>{31F998A4-8FFE-3700-A7ED-2828028F49D4}</UniqueIdentifier>
    </Filter>
    <Filter Include="LWO">
      <UniqueIdentifier>{2AFDC61B-AD7D-38E4-866C-E664AA358F1B}</UniqueIdentifier>
    </Filter>
    <Filter Include="LWS">
      <UniqueIdentifier>{6B44076C-E311-3DEF-AF07-68ED6D8E3858}</UniqueIdentifier>
    </Filter>
    <Filter Include="Logging">
      <UniqueIdentifier>{DBF8BAC5-A71F-3F78-969D-7A6A7B1B0975}</UniqueIdentifier>
    </Filter>
    <Filter Include="MD2">
      <UniqueIdentifier>{53BDD2D0-97DD-33FF-927A-D95EC338145A}</UniqueIdentifier>
    </Filter>
    <Filter Include="MD3">
      <UniqueIdentifier>{F9A72CA0-7440-3533-AE2D-749FB416AA8A}</UniqueIdentifier>
    </Filter>
    <Filter Include="MD5">
      <UniqueIdentifier>{258ABF6E-5BD5-369D-9518-335CF07605F5}</UniqueIdentifier>
    </Filter>
    <Filter Include="MDC">
      <UniqueIdentifier>{B1E81B14-BB4C-37E8-A4EB-1C20C4605C31}</UniqueIdentifier>
    </Filter>
    <Filter Include="MDL">
      <UniqueIdentifier>{DA5213A9-DC1E-399B-A597-BC285D786AD0}</UniqueIdentifier>
    </Filter>
    <Filter Include="MMD">
      <UniqueIdentifier>{139BFACF-220A-3650-B1E2-8E3D089A8D82}</UniqueIdentifier>
    </Filter>
    <Filter Include="MS3D">
      <UniqueIdentifier>{44AE14E8-929A-3466-B731-F7DF6F691544}</UniqueIdentifier>
    </Filter>
    <Filter Include="MaterialSystem">
      <UniqueIdentifier>{5A51BA9E-97C8-3EAF-B39E-7200B7145CBC}</UniqueIdentifier>
    </Filter>
    <Filter Include="NDO">
      <UniqueIdentifier>{1A295A18-DECB-36C8-BE0E-758A3F2D6543}</UniqueIdentifier>
    </Filter>
    <Filter Include="NFF">
      <UniqueIdentifier>{2A04BB2E-5B3E-3DE1-B5EE-12A10231E5DF}</UniqueIdentifier>
    </Filter>
    <Filter Include="OBJ">
      <UniqueIdentifier>{CF26583C-E231-350D-8C55-23096032339E}</UniqueIdentifier>
    </Filter>
    <Filter Include="OFF">
      <UniqueIdentifier>{D119A9AA-D36B-3521-BFA2-F3286259B50E}</UniqueIdentifier>
    </Filter>
    <Filter Include="OGRE">
      <UniqueIdentifier>{3B78E450-D853-3E72-A625-6B7CDCDA6DD8}</UniqueIdentifier>
    </Filter>
    <Filter Include="OPENGEX">
      <UniqueIdentifier>{1D644743-7E77-303A-AA56-F515AF92F4EA}</UniqueIdentifier>
    </Filter>
    <Filter Include="PLY">
      <UniqueIdentifier>{1BEE0C96-2A7E-3F72-835B-3CA94DFD9C96}</UniqueIdentifier>
    </Filter>
    <Filter Include="PostProcessing">
      <UniqueIdentifier>{69B50388-4FC1-3899-8387-EC6A84B8E674}</UniqueIdentifier>
    </Filter>
    <Filter Include="Q3BSP">
      <UniqueIdentifier>{FC48D45C-6AE7-36B1-8BC9-AA6777E0F1CD}</UniqueIdentifier>
    </Filter>
    <Filter Include="Q3D">
      <UniqueIdentifier>{ACBC14B5-324B-3751-8D47-6B3016BECE27}</UniqueIdentifier>
    </Filter>
    <Filter Include="RAW">
      <UniqueIdentifier>{4CAC9FFE-526B-3147-8155-07282D1DA1E7}</UniqueIdentifier>
    </Filter>
    <Filter Include="SIB">
      <UniqueIdentifier>{F364CBEF-7657-3385-BA35-833662399B9B}</UniqueIdentifier>
    </Filter>
    <Filter Include="SMD">
      <UniqueIdentifier>{C3122B3F-2354-3554-B7E4-B8D09AF27601}</UniqueIdentifier>
    </Filter>
    <Filter Include="STEP">
      <UniqueIdentifier>{98F7BB0D-823E-3E74-A836-013B608C227F}</UniqueIdentifier>
    </Filter>
    <Filter Include="STEPParser">
      <UniqueIdentifier>{23CDB89E-91E4-3EE9-9EBD-4BDDD62D3F31}</UniqueIdentifier>
    </Filter>
    <Filter Include="STL">
      <UniqueIdentifier>{FBC787EC-0DB9-32F4-97AE-45AC08C30268}</UniqueIdentifier>
    </Filter>
    <Filter Include="Source Files">
      <UniqueIdentifier>{347C59A9-3C25-335B-B6A0-5C7F721C4DE5}</UniqueIdentifier>
    </Filter>
    <Filter Include="TERRAGEN">
      <UniqueIdentifier>{2B9BB53F-4147-36EB-9726-905B1A8512B9}</UniqueIdentifier>
    </Filter>
    <Filter Include="X">
      <UniqueIdentifier>{110E1190-ABDC-3F1C-9388-60EC6A76A712}</UniqueIdentifier>
    </Filter>
    <Filter Include="X3D">
      <UniqueIdentifier>{F85F5AC2-C252-31E8-9114-E128433CF000}</UniqueIdentifier>
    </Filter>
    <Filter Include="XGL">
      <UniqueIdentifier>{28403CF0-6D88-3B50-988C-74F356E6F21A}</UniqueIdentifier>
    </Filter>
  </ItemGroup>
</Project>
