<?xml version="1.0" encoding="utf-8"?>
<Project ToolsVersion="16.0" xmlns="http://schemas.microsoft.com/developer/msbuild/2003">
  <ItemGroup>
    <CustomBuild Include="C:\Users\iamvf\Desktop\assimp5_binaries_ubuntu_16_04\assimp-5.0.1\build_windows10\CMakeFiles\b1f5407fa913bced2823dc0f5895bf72\INSTALL_force.rule">
      <Filter>CMake Rules</Filter>
    </CustomBuild>
  </ItemGroup>
  <ItemGroup>
    <Filter Include="CMake Rules">
      <UniqueIdentifier>{B006FE7E-1E19-3249-9177-39C5BC308809}</UniqueIdentifier>
    </Filter>
  </ItemGroup>
</Project>
